// !$*UTF8*$!
{
	archiveVersion = 1;
	classes = {
	};
	objectVersion = 52;
	objects = {

/* Begin PBXBuildFile section */
		100CF47923ADFEFC00B3557D /* GraphViewController.storyboard in Resources */ = {isa = PBXBuildFile; fileRef = 100CF47823ADFEFC00B3557D /* GraphViewController.storyboard */; };
		100CF47B23ADFF0800B3557D /* GraphViewController.swift in Sources */ = {isa = PBXBuildFile; fileRef = 100CF47A23ADFF0800B3557D /* GraphViewController.swift */; };
		100CF47D23ADFF1400B3557D /* GraphViewModel.swift in Sources */ = {isa = PBXBuildFile; fileRef = 100CF47C23ADFF1400B3557D /* GraphViewModel.swift */; };
		100CF48023AE011400B3557D /* HistoryViewController.storyboard in Resources */ = {isa = PBXBuildFile; fileRef = 100CF47F23AE011400B3557D /* HistoryViewController.storyboard */; };
		100CF48223AE012000B3557D /* HistoryViewController.swift in Sources */ = {isa = PBXBuildFile; fileRef = 100CF48123AE012000B3557D /* HistoryViewController.swift */; };
		100CF48423AE012800B3557D /* HistoryViewModel.swift in Sources */ = {isa = PBXBuildFile; fileRef = 100CF48323AE012800B3557D /* HistoryViewModel.swift */; };
		10128AAE2403B55B00C6F5B9 /* Extension+UITableView.swift in Sources */ = {isa = PBXBuildFile; fileRef = 10128AAD2403B55B00C6F5B9 /* Extension+UITableView.swift */; };
		10128AB02403B59000C6F5B9 /* Extension+NSObject.swift in Sources */ = {isa = PBXBuildFile; fileRef = 10128AAF2403B59000C6F5B9 /* Extension+NSObject.swift */; };
		10128AB6240B78A400C6F5B9 /* Extension+UIView.swift in Sources */ = {isa = PBXBuildFile; fileRef = 10128AB5240B78A400C6F5B9 /* Extension+UIView.swift */; };
		1016000523922B5C00A92C4D /* GoogleService-Info.plist in Resources */ = {isa = PBXBuildFile; fileRef = 1016000423922B5C00A92C4D /* GoogleService-Info.plist */; };
		10188E1423C9970900F94681 /* AlertViewController.storyboard in Resources */ = {isa = PBXBuildFile; fileRef = 10188E1323C9970900F94681 /* AlertViewController.storyboard */; };
		10188E1623C997B900F94681 /* AlertViewController.swift in Sources */ = {isa = PBXBuildFile; fileRef = 10188E1523C997B900F94681 /* AlertViewController.swift */; };
		103104702504BB2E00FCC42C /* YearButton.swift in Sources */ = {isa = PBXBuildFile; fileRef = 1031046F2504BB2E00FCC42C /* YearButton.swift */; };
		1032FE572338C1050039E9C0 /* StoryboardInstantiable.swift in Sources */ = {isa = PBXBuildFile; fileRef = 1032FE562338C1050039E9C0 /* StoryboardInstantiable.swift */; };
		1032FE5A2338C2A70039E9C0 /* OldLoginViewController.swift in Sources */ = {isa = PBXBuildFile; fileRef = 1032FE592338C2A70039E9C0 /* OldLoginViewController.swift */; };
		1032FE5C2338C2AE0039E9C0 /* LoginViewController.storyboard in Resources */ = {isa = PBXBuildFile; fileRef = 1032FE5B2338C2AE0039E9C0 /* LoginViewController.storyboard */; };
		1032FE602338DE530039E9C0 /* RegisterViewController.swift in Sources */ = {isa = PBXBuildFile; fileRef = 1032FE5F2338DE530039E9C0 /* RegisterViewController.swift */; };
		1032FE622338DE5F0039E9C0 /* RegisterViewController.storyboard in Resources */ = {isa = PBXBuildFile; fileRef = 1032FE612338DE5F0039E9C0 /* RegisterViewController.storyboard */; };
		1032FE642338E2340039E9C0 /* OldLoginViewModel.swift in Sources */ = {isa = PBXBuildFile; fileRef = 1032FE632338E2340039E9C0 /* OldLoginViewModel.swift */; };
		1032FE662338E2410039E9C0 /* RegisterViewModel.swift in Sources */ = {isa = PBXBuildFile; fileRef = 1032FE652338E2410039E9C0 /* RegisterViewModel.swift */; };
		1032FE682338E24A0039E9C0 /* HomeViewModel.swift in Sources */ = {isa = PBXBuildFile; fileRef = 1032FE672338E24A0039E9C0 /* HomeViewModel.swift */; };
		1032FE6B2338E4440039E9C0 /* RoundView.swift in Sources */ = {isa = PBXBuildFile; fileRef = 1032FE6A2338E4440039E9C0 /* RoundView.swift */; };
		1032FE6E2338ECC90039E9C0 /* Assets.colors.xcassets in Resources */ = {isa = PBXBuildFile; fileRef = 1032FE6D2338ECC90039E9C0 /* Assets.colors.xcassets */; };
		1032FE722338ED910039E9C0 /* RoundButton.swift in Sources */ = {isa = PBXBuildFile; fileRef = 1032FE712338ED910039E9C0 /* RoundButton.swift */; };
		104106D5242744A1004E6D48 /* Extension+String.swift in Sources */ = {isa = PBXBuildFile; fileRef = 104106D4242744A1004E6D48 /* Extension+String.swift */; };
		104106D724306C6D004E6D48 /* Extension+UICollectionView.swift in Sources */ = {isa = PBXBuildFile; fileRef = 104106D624306C6D004E6D48 /* Extension+UICollectionView.swift */; };
		104106D9243071DF004E6D48 /* HomeCollectionViewModel.swift in Sources */ = {isa = PBXBuildFile; fileRef = 104106D8243071DF004E6D48 /* HomeCollectionViewModel.swift */; };
		104106E524309741004E6D48 /* HomeTableViewCell.xib in Resources */ = {isa = PBXBuildFile; fileRef = 104106E424309741004E6D48 /* HomeTableViewCell.xib */; };
		104106E72430975B004E6D48 /* HomeTableViewCell.swift in Sources */ = {isa = PBXBuildFile; fileRef = 104106E62430975B004E6D48 /* HomeTableViewCell.swift */; };
		10519E5A249B55C700A41E60 /* GoogleService-Info-dev.plist in Resources */ = {isa = PBXBuildFile; fileRef = 10519E59249B55C700A41E60 /* GoogleService-Info-dev.plist */; };
		10519E5D249C96E800A41E60 /* GoodsCategory.swift in Sources */ = {isa = PBXBuildFile; fileRef = 10519E5C249C96E800A41E60 /* GoodsCategory.swift */; };
		1063530F23B740F7004A4BB4 /* RoundBorderButton.swift in Sources */ = {isa = PBXBuildFile; fileRef = 1063530E23B740F7004A4BB4 /* RoundBorderButton.swift */; };
		1073EC3423DC00BC003BB2C5 /* AddGoodsViewController.storyboard in Resources */ = {isa = PBXBuildFile; fileRef = 1073EC3323DC00BC003BB2C5 /* AddGoodsViewController.storyboard */; };
		1073EC3623DC00CB003BB2C5 /* AddGoodsViewController.swift in Sources */ = {isa = PBXBuildFile; fileRef = 1073EC3523DC00CB003BB2C5 /* AddGoodsViewController.swift */; };
		1073EC3823DC00D6003BB2C5 /* AddGoodsViewModel.swift in Sources */ = {isa = PBXBuildFile; fileRef = 1073EC3723DC00D6003BB2C5 /* AddGoodsViewModel.swift */; };
		1073EC3A23DC18A7003BB2C5 /* ShadowView.swift in Sources */ = {isa = PBXBuildFile; fileRef = 1073EC3923DC18A7003BB2C5 /* ShadowView.swift */; };
		1073EC3C23EE6E35003BB2C5 /* Goods.swift in Sources */ = {isa = PBXBuildFile; fileRef = 1073EC3B23EE6E35003BB2C5 /* Goods.swift */; };
		107901CA24710B8600D28D4B /* AlertView.swift in Sources */ = {isa = PBXBuildFile; fileRef = 107901C924710B8600D28D4B /* AlertView.swift */; };
		107A3864237FDC5600D276E9 /* ActivityIndicator.swift in Sources */ = {isa = PBXBuildFile; fileRef = 107A3863237FDC5600D276E9 /* ActivityIndicator.swift */; };
		107A3866237FE5B400D276E9 /* DropDownManager.swift in Sources */ = {isa = PBXBuildFile; fileRef = 107A3865237FE5B400D276E9 /* DropDownManager.swift */; };
		108D9F822439AD320058EF41 /* HistoryCollectionViewCell.xib in Resources */ = {isa = PBXBuildFile; fileRef = 108D9F812439AD320058EF41 /* HistoryCollectionViewCell.xib */; };
		108D9F842439AD6A0058EF41 /* HistoryCollectionViewCell.swift in Sources */ = {isa = PBXBuildFile; fileRef = 108D9F832439AD6A0058EF41 /* HistoryCollectionViewCell.swift */; };
		108D9F862439AE030058EF41 /* HistoryCollectionViewModel.swift in Sources */ = {isa = PBXBuildFile; fileRef = 108D9F852439AE030058EF41 /* HistoryCollectionViewModel.swift */; };
		108FFD86237FFFDA005B21CC /* Extension+UIColor.swift in Sources */ = {isa = PBXBuildFile; fileRef = 108FFD85237FFFDA005B21CC /* Extension+UIColor.swift */; };
		10A00AA0237FBB1A00BA90EB /* SplashViewController.storyboard in Resources */ = {isa = PBXBuildFile; fileRef = 10A00A9F237FBB1A00BA90EB /* SplashViewController.storyboard */; };
		10A00AA2237FBBCD00BA90EB /* SplashViewController.swift in Sources */ = {isa = PBXBuildFile; fileRef = 10A00AA1237FBBCD00BA90EB /* SplashViewController.swift */; };
		10A7C2F9237047F20050F6B8 /* FirebaseManager.swift in Sources */ = {isa = PBXBuildFile; fileRef = 10A7C2F8237047F20050F6B8 /* FirebaseManager.swift */; };
		10A7E52722EDC14000DF3D34 /* AppDelegate.swift in Sources */ = {isa = PBXBuildFile; fileRef = 10A7E52622EDC14000DF3D34 /* AppDelegate.swift */; };
		10A7E52E22EDC14100DF3D34 /* Assets.xcassets in Resources */ = {isa = PBXBuildFile; fileRef = 10A7E52D22EDC14100DF3D34 /* Assets.xcassets */; };
		10A7E53122EDC14100DF3D34 /* LaunchScreen.storyboard in Resources */ = {isa = PBXBuildFile; fileRef = 10A7E52F22EDC14100DF3D34 /* LaunchScreen.storyboard */; };
		10A7E53C22EDC14100DF3D34 /* Project_2Q_2019Tests.swift in Sources */ = {isa = PBXBuildFile; fileRef = 10A7E53B22EDC14100DF3D34 /* Project_2Q_2019Tests.swift */; };
		10A7E54722EDC14100DF3D34 /* Project_2Q_2019UITests.swift in Sources */ = {isa = PBXBuildFile; fileRef = 10A7E54622EDC14100DF3D34 /* Project_2Q_2019UITests.swift */; };
		10A7E55622EDC1F500DF3D34 /* .swiftlint.yml in Resources */ = {isa = PBXBuildFile; fileRef = 10A7E55522EDC1F500DF3D34 /* .swiftlint.yml */; };
		10A7E5952312B83F00DF3D34 /* AppRootViewController.swift in Sources */ = {isa = PBXBuildFile; fileRef = 10A7E5942312B83F00DF3D34 /* AppRootViewController.swift */; };
		10A7E5982312B86800DF3D34 /* HomeViewController.storyboard in Resources */ = {isa = PBXBuildFile; fileRef = 10A7E5972312B86800DF3D34 /* HomeViewController.storyboard */; };
		10A7E59A2312B87400DF3D34 /* HomeViewController.swift in Sources */ = {isa = PBXBuildFile; fileRef = 10A7E5992312B87400DF3D34 /* HomeViewController.swift */; };
		10A8FE0923A4B10C00F64F96 /* Extension+Date.swift in Sources */ = {isa = PBXBuildFile; fileRef = 10A8FE0823A4B10C00F64F96 /* Extension+Date.swift */; };
		10A8FE0B23A4B12A00F64F96 /* Extension+DateTest.swift in Sources */ = {isa = PBXBuildFile; fileRef = 10A8FE0A23A4B12A00F64F96 /* Extension+DateTest.swift */; };
		10A8FE1023A4B42A00F64F96 /* MenuViewController.storyboard in Resources */ = {isa = PBXBuildFile; fileRef = 10A8FE0F23A4B42A00F64F96 /* MenuViewController.storyboard */; };
		10A8FE1223A4B43800F64F96 /* MenuViewController.swift in Sources */ = {isa = PBXBuildFile; fileRef = 10A8FE1123A4B43800F64F96 /* MenuViewController.swift */; };
		10A8FE1423A4B44100F64F96 /* MenuViewModel.swift in Sources */ = {isa = PBXBuildFile; fileRef = 10A8FE1323A4B44100F64F96 /* MenuViewModel.swift */; };
		10B00E052376846E00864551 /* User.swift in Sources */ = {isa = PBXBuildFile; fileRef = 10B00E042376846E00864551 /* User.swift */; };
		10B00E0723769DBD00864551 /* LogManager.swift in Sources */ = {isa = PBXBuildFile; fileRef = 10B00E0623769DBD00864551 /* LogManager.swift */; };
		10B6CF4E2365B05B00314C98 /* LoginViewModelTests.swift in Sources */ = {isa = PBXBuildFile; fileRef = 10B6CF4D2365B05B00314C98 /* LoginViewModelTests.swift */; };
		10BAC0362557AEAB001B9A85 /* ClosableHistoryViewController.storyboard in Resources */ = {isa = PBXBuildFile; fileRef = 10BAC0352557AEAB001B9A85 /* ClosableHistoryViewController.storyboard */; };
		10BAC0382557AECB001B9A85 /* ClosableHistoryViewController.swift in Sources */ = {isa = PBXBuildFile; fileRef = 10BAC0372557AECB001B9A85 /* ClosableHistoryViewController.swift */; };
		10C11911254E52E5002EB70D /* Extension+Double.swift in Sources */ = {isa = PBXBuildFile; fileRef = 10C11910254E52E5002EB70D /* Extension+Double.swift */; };
		10CB467E23922F4200380E06 /* HomeCollectionViewCell.xib in Resources */ = {isa = PBXBuildFile; fileRef = 10CB467D23922F4200380E06 /* HomeCollectionViewCell.xib */; };
		10CB468023922F8800380E06 /* HomeCollectionViewCell.swift in Sources */ = {isa = PBXBuildFile; fileRef = 10CB467F23922F8800380E06 /* HomeCollectionViewCell.swift */; };
		10DFFDC924A09208005611A8 /* EditGoodsViewController.storyboard in Resources */ = {isa = PBXBuildFile; fileRef = 10DFFDC824A09208005611A8 /* EditGoodsViewController.storyboard */; };
		10DFFDCB24A09224005611A8 /* EditGoodsViewController.swift in Sources */ = {isa = PBXBuildFile; fileRef = 10DFFDCA24A09224005611A8 /* EditGoodsViewController.swift */; };
		10DFFDCD24A09238005611A8 /* EditGoodsViewModel.swift in Sources */ = {isa = PBXBuildFile; fileRef = 10DFFDCC24A09238005611A8 /* EditGoodsViewModel.swift */; };
		10E472D124C03A4200BE71CC /* VerticalGraphCell.xib in Resources */ = {isa = PBXBuildFile; fileRef = 10E472D024C03A4200BE71CC /* VerticalGraphCell.xib */; };
		10E472D324C03A5000BE71CC /* VerticalGraphCell.swift in Sources */ = {isa = PBXBuildFile; fileRef = 10E472D224C03A5000BE71CC /* VerticalGraphCell.swift */; };
		10E472D724C1891100BE71CC /* GraphMonthButton.swift in Sources */ = {isa = PBXBuildFile; fileRef = 10E472D624C1891100BE71CC /* GraphMonthButton.swift */; };
		10EF3E6925A03DEC0031948F /* LoginViewController.swift in Sources */ = {isa = PBXBuildFile; fileRef = 10EF3E6825A03DEC0031948F /* LoginViewController.swift */; };
		10EF3E6B25A03E050031948F /* LoginViewModel.swift in Sources */ = {isa = PBXBuildFile; fileRef = 10EF3E6A25A03E050031948F /* LoginViewModel.swift */; };
		10FE445C2532B7B9001D90BB /* MonthButton.swift in Sources */ = {isa = PBXBuildFile; fileRef = 10FE445B2532B7B9001D90BB /* MonthButton.swift */; };
		1273A3F231517C61780C5E9F /* Pods_Project_2Q_2019.framework in Frameworks */ = {isa = PBXBuildFile; fileRef = E43E7A66781B6AE5A7AF269C /* Pods_Project_2Q_2019.framework */; };
		6440D06624A49283000F461C /* Charts in Frameworks */ = {isa = PBXBuildFile; productRef = 6440D06524A49283000F461C /* Charts */; };
		6440D06924A49E96000F461C /* HistoryContentGraphView.swift in Sources */ = {isa = PBXBuildFile; fileRef = 6440D06824A49E96000F461C /* HistoryContentGraphView.swift */; };
		6440D06B24A49ECD000F461C /* HistoryContentGraphView.xib in Resources */ = {isa = PBXBuildFile; fileRef = 6440D06A24A49ECD000F461C /* HistoryContentGraphView.xib */; };
		6466B75224AAC5560005E998 /* HistoryContentGraphViewModel.swift in Sources */ = {isa = PBXBuildFile; fileRef = 6466B75124AAC5560005E998 /* HistoryContentGraphViewModel.swift */; };
		6477C81024A0894000BD2BD0 /* HistoryContentViewCell.swift in Sources */ = {isa = PBXBuildFile; fileRef = 6477C80E24A0894000BD2BD0 /* HistoryContentViewCell.swift */; };
		6477C81124A0894000BD2BD0 /* HistoryContentViewCell.xib in Resources */ = {isa = PBXBuildFile; fileRef = 6477C80F24A0894000BD2BD0 /* HistoryContentViewCell.xib */; };
		6477C81324A08CB100BD2BD0 /* HistoryContentCellViewModel.swift in Sources */ = {isa = PBXBuildFile; fileRef = 6477C81224A08CB100BD2BD0 /* HistoryContentCellViewModel.swift */; };
		6477C81624A0927500BD2BD0 /* HistoryContentHeaderView.swift in Sources */ = {isa = PBXBuildFile; fileRef = 6477C81524A0927500BD2BD0 /* HistoryContentHeaderView.swift */; };
		6477C81824A0928400BD2BD0 /* HistoryContentHeaderViewModel.swift in Sources */ = {isa = PBXBuildFile; fileRef = 6477C81724A0928400BD2BD0 /* HistoryContentHeaderViewModel.swift */; };
		6477C81A24A0928F00BD2BD0 /* HistoryContentHeaderView.xib in Resources */ = {isa = PBXBuildFile; fileRef = 6477C81924A0928F00BD2BD0 /* HistoryContentHeaderView.xib */; };
		6477C81D24A09BFD00BD2BD0 /* HistoryContentFooterView.swift in Sources */ = {isa = PBXBuildFile; fileRef = 6477C81C24A09BFD00BD2BD0 /* HistoryContentFooterView.swift */; };
		6477C81F24A09C2700BD2BD0 /* HistoryContentFooterView.xib in Resources */ = {isa = PBXBuildFile; fileRef = 6477C81E24A09C2700BD2BD0 /* HistoryContentFooterView.xib */; };
		6477C82124A09F0500BD2BD0 /* HistoryContentView.swift in Sources */ = {isa = PBXBuildFile; fileRef = 6477C82024A09F0500BD2BD0 /* HistoryContentView.swift */; };
		6477C82324A09F2000BD2BD0 /* HistoryContentView.xib in Resources */ = {isa = PBXBuildFile; fileRef = 6477C82224A09F2000BD2BD0 /* HistoryContentView.xib */; };
		6477C82524A09F6800BD2BD0 /* HistoryContentViewModel.swift in Sources */ = {isa = PBXBuildFile; fileRef = 6477C82424A09F6800BD2BD0 /* HistoryContentViewModel.swift */; };
		64C4B9FC24A1FA0000B609A4 /* ProgressHUD.swift in Sources */ = {isa = PBXBuildFile; fileRef = 64C4B9FB24A1FA0000B609A4 /* ProgressHUD.swift */; };
		64C4B9FE24A1FA1E00B609A4 /* ProgressHUD.xib in Resources */ = {isa = PBXBuildFile; fileRef = 64C4B9FD24A1FA1E00B609A4 /* ProgressHUD.xib */; };
		64F2119E2573697100B9669B /* EditBoughtGoodsViewController.swift in Sources */ = {isa = PBXBuildFile; fileRef = 64F2119D2573697100B9669B /* EditBoughtGoodsViewController.swift */; };
		64F211A02573698800B9669B /* EditBoughtGoodsViewModel.swift in Sources */ = {isa = PBXBuildFile; fileRef = 64F2119F2573698800B9669B /* EditBoughtGoodsViewModel.swift */; };
		64F211A22573699A00B9669B /* EditBoughtGoodsViewController.storyboard in Resources */ = {isa = PBXBuildFile; fileRef = 64F211A12573699A00B9669B /* EditBoughtGoodsViewController.storyboard */; };
		E1799685027F0730AF491B88 /* Pods_Project_2Q_2019UITests.framework in Frameworks */ = {isa = PBXBuildFile; fileRef = 3F464980BEC4F3155A426D2A /* Pods_Project_2Q_2019UITests.framework */; };
		EAE39FA429389A4E5C7D7140 /* Pods_Project_2Q_2019Tests.framework in Frameworks */ = {isa = PBXBuildFile; fileRef = F9561781C47D200A1C5A49BA /* Pods_Project_2Q_2019Tests.framework */; };
/* End PBXBuildFile section */

/* Begin PBXContainerItemProxy section */
		10A7E53822EDC14100DF3D34 /* PBXContainerItemProxy */ = {
			isa = PBXContainerItemProxy;
			containerPortal = 10A7E51B22EDC14000DF3D34 /* Project object */;
			proxyType = 1;
			remoteGlobalIDString = 10A7E52222EDC14000DF3D34;
			remoteInfo = Project_2Q_2019;
		};
		10A7E54322EDC14100DF3D34 /* PBXContainerItemProxy */ = {
			isa = PBXContainerItemProxy;
			containerPortal = 10A7E51B22EDC14000DF3D34 /* Project object */;
			proxyType = 1;
			remoteGlobalIDString = 10A7E52222EDC14000DF3D34;
			remoteInfo = Project_2Q_2019;
		};
/* End PBXContainerItemProxy section */

/* Begin PBXFileReference section */
		100CF47823ADFEFC00B3557D /* GraphViewController.storyboard */ = {isa = PBXFileReference; lastKnownFileType = file.storyboard; path = GraphViewController.storyboard; sourceTree = "<group>"; };
		100CF47A23ADFF0800B3557D /* GraphViewController.swift */ = {isa = PBXFileReference; lastKnownFileType = sourcecode.swift; path = GraphViewController.swift; sourceTree = "<group>"; };
		100CF47C23ADFF1400B3557D /* GraphViewModel.swift */ = {isa = PBXFileReference; lastKnownFileType = sourcecode.swift; path = GraphViewModel.swift; sourceTree = "<group>"; };
		100CF47F23AE011400B3557D /* HistoryViewController.storyboard */ = {isa = PBXFileReference; lastKnownFileType = file.storyboard; path = HistoryViewController.storyboard; sourceTree = "<group>"; };
		100CF48123AE012000B3557D /* HistoryViewController.swift */ = {isa = PBXFileReference; lastKnownFileType = sourcecode.swift; path = HistoryViewController.swift; sourceTree = "<group>"; };
		100CF48323AE012800B3557D /* HistoryViewModel.swift */ = {isa = PBXFileReference; lastKnownFileType = sourcecode.swift; path = HistoryViewModel.swift; sourceTree = "<group>"; };
		10128AAD2403B55B00C6F5B9 /* Extension+UITableView.swift */ = {isa = PBXFileReference; lastKnownFileType = sourcecode.swift; path = "Extension+UITableView.swift"; sourceTree = "<group>"; };
		10128AAF2403B59000C6F5B9 /* Extension+NSObject.swift */ = {isa = PBXFileReference; lastKnownFileType = sourcecode.swift; path = "Extension+NSObject.swift"; sourceTree = "<group>"; };
		10128AB5240B78A400C6F5B9 /* Extension+UIView.swift */ = {isa = PBXFileReference; lastKnownFileType = sourcecode.swift; path = "Extension+UIView.swift"; sourceTree = "<group>"; };
		1016000423922B5C00A92C4D /* GoogleService-Info.plist */ = {isa = PBXFileReference; fileEncoding = 4; lastKnownFileType = text.plist.xml; name = "GoogleService-Info.plist"; path = "../GoogleService-Info.plist"; sourceTree = "<group>"; };
		10188E1323C9970900F94681 /* AlertViewController.storyboard */ = {isa = PBXFileReference; lastKnownFileType = file.storyboard; path = AlertViewController.storyboard; sourceTree = "<group>"; };
		10188E1523C997B900F94681 /* AlertViewController.swift */ = {isa = PBXFileReference; lastKnownFileType = sourcecode.swift; path = AlertViewController.swift; sourceTree = "<group>"; };
		1031046F2504BB2E00FCC42C /* YearButton.swift */ = {isa = PBXFileReference; lastKnownFileType = sourcecode.swift; path = YearButton.swift; sourceTree = "<group>"; };
		1032FE562338C1050039E9C0 /* StoryboardInstantiable.swift */ = {isa = PBXFileReference; lastKnownFileType = sourcecode.swift; path = StoryboardInstantiable.swift; sourceTree = "<group>"; };
		1032FE592338C2A70039E9C0 /* OldLoginViewController.swift */ = {isa = PBXFileReference; lastKnownFileType = sourcecode.swift; path = OldLoginViewController.swift; sourceTree = "<group>"; };
		1032FE5B2338C2AE0039E9C0 /* LoginViewController.storyboard */ = {isa = PBXFileReference; lastKnownFileType = file.storyboard; path = LoginViewController.storyboard; sourceTree = "<group>"; };
		1032FE5F2338DE530039E9C0 /* RegisterViewController.swift */ = {isa = PBXFileReference; lastKnownFileType = sourcecode.swift; path = RegisterViewController.swift; sourceTree = "<group>"; };
		1032FE612338DE5F0039E9C0 /* RegisterViewController.storyboard */ = {isa = PBXFileReference; lastKnownFileType = file.storyboard; path = RegisterViewController.storyboard; sourceTree = "<group>"; };
		1032FE632338E2340039E9C0 /* OldLoginViewModel.swift */ = {isa = PBXFileReference; lastKnownFileType = sourcecode.swift; path = OldLoginViewModel.swift; sourceTree = "<group>"; };
		1032FE652338E2410039E9C0 /* RegisterViewModel.swift */ = {isa = PBXFileReference; lastKnownFileType = sourcecode.swift; path = RegisterViewModel.swift; sourceTree = "<group>"; };
		1032FE672338E24A0039E9C0 /* HomeViewModel.swift */ = {isa = PBXFileReference; lastKnownFileType = sourcecode.swift; path = HomeViewModel.swift; sourceTree = "<group>"; };
		1032FE6A2338E4440039E9C0 /* RoundView.swift */ = {isa = PBXFileReference; lastKnownFileType = sourcecode.swift; path = RoundView.swift; sourceTree = "<group>"; };
		1032FE6D2338ECC90039E9C0 /* Assets.colors.xcassets */ = {isa = PBXFileReference; lastKnownFileType = folder.assetcatalog; path = Assets.colors.xcassets; sourceTree = "<group>"; };
		1032FE712338ED910039E9C0 /* RoundButton.swift */ = {isa = PBXFileReference; lastKnownFileType = sourcecode.swift; path = RoundButton.swift; sourceTree = "<group>"; };
		104106D4242744A1004E6D48 /* Extension+String.swift */ = {isa = PBXFileReference; lastKnownFileType = sourcecode.swift; path = "Extension+String.swift"; sourceTree = "<group>"; };
		104106D624306C6D004E6D48 /* Extension+UICollectionView.swift */ = {isa = PBXFileReference; lastKnownFileType = sourcecode.swift; path = "Extension+UICollectionView.swift"; sourceTree = "<group>"; };
		104106D8243071DF004E6D48 /* HomeCollectionViewModel.swift */ = {isa = PBXFileReference; lastKnownFileType = sourcecode.swift; path = HomeCollectionViewModel.swift; sourceTree = "<group>"; };
		104106E424309741004E6D48 /* HomeTableViewCell.xib */ = {isa = PBXFileReference; lastKnownFileType = file.xib; path = HomeTableViewCell.xib; sourceTree = "<group>"; };
		104106E62430975B004E6D48 /* HomeTableViewCell.swift */ = {isa = PBXFileReference; lastKnownFileType = sourcecode.swift; path = HomeTableViewCell.swift; sourceTree = "<group>"; };
		10519E59249B55C700A41E60 /* GoogleService-Info-dev.plist */ = {isa = PBXFileReference; fileEncoding = 4; lastKnownFileType = text.plist.xml; path = "GoogleService-Info-dev.plist"; sourceTree = "<group>"; };
		10519E5C249C96E800A41E60 /* GoodsCategory.swift */ = {isa = PBXFileReference; lastKnownFileType = sourcecode.swift; path = GoodsCategory.swift; sourceTree = "<group>"; };
		1063530E23B740F7004A4BB4 /* RoundBorderButton.swift */ = {isa = PBXFileReference; lastKnownFileType = sourcecode.swift; path = RoundBorderButton.swift; sourceTree = "<group>"; };
		1073EC3323DC00BC003BB2C5 /* AddGoodsViewController.storyboard */ = {isa = PBXFileReference; lastKnownFileType = file.storyboard; path = AddGoodsViewController.storyboard; sourceTree = "<group>"; };
		1073EC3523DC00CB003BB2C5 /* AddGoodsViewController.swift */ = {isa = PBXFileReference; lastKnownFileType = sourcecode.swift; path = AddGoodsViewController.swift; sourceTree = "<group>"; };
		1073EC3723DC00D6003BB2C5 /* AddGoodsViewModel.swift */ = {isa = PBXFileReference; lastKnownFileType = sourcecode.swift; path = AddGoodsViewModel.swift; sourceTree = "<group>"; };
		1073EC3923DC18A7003BB2C5 /* ShadowView.swift */ = {isa = PBXFileReference; lastKnownFileType = sourcecode.swift; path = ShadowView.swift; sourceTree = "<group>"; };
		1073EC3B23EE6E35003BB2C5 /* Goods.swift */ = {isa = PBXFileReference; lastKnownFileType = sourcecode.swift; path = Goods.swift; sourceTree = "<group>"; };
		107901C924710B8600D28D4B /* AlertView.swift */ = {isa = PBXFileReference; lastKnownFileType = sourcecode.swift; path = AlertView.swift; sourceTree = "<group>"; };
		107A3863237FDC5600D276E9 /* ActivityIndicator.swift */ = {isa = PBXFileReference; lastKnownFileType = sourcecode.swift; path = ActivityIndicator.swift; sourceTree = "<group>"; };
		107A3865237FE5B400D276E9 /* DropDownManager.swift */ = {isa = PBXFileReference; lastKnownFileType = sourcecode.swift; path = DropDownManager.swift; sourceTree = "<group>"; };
		108794EE25A97A7600C8301F /* Project_2Q_2019Debug.entitlements */ = {isa = PBXFileReference; lastKnownFileType = text.plist.entitlements; path = Project_2Q_2019Debug.entitlements; sourceTree = "<group>"; };
		108D9F812439AD320058EF41 /* HistoryCollectionViewCell.xib */ = {isa = PBXFileReference; lastKnownFileType = file.xib; path = HistoryCollectionViewCell.xib; sourceTree = "<group>"; };
		108D9F832439AD6A0058EF41 /* HistoryCollectionViewCell.swift */ = {isa = PBXFileReference; lastKnownFileType = sourcecode.swift; path = HistoryCollectionViewCell.swift; sourceTree = "<group>"; };
		108D9F852439AE030058EF41 /* HistoryCollectionViewModel.swift */ = {isa = PBXFileReference; lastKnownFileType = sourcecode.swift; path = HistoryCollectionViewModel.swift; sourceTree = "<group>"; };
		108FFD85237FFFDA005B21CC /* Extension+UIColor.swift */ = {isa = PBXFileReference; lastKnownFileType = sourcecode.swift; path = "Extension+UIColor.swift"; sourceTree = "<group>"; };
		10A00A9F237FBB1A00BA90EB /* SplashViewController.storyboard */ = {isa = PBXFileReference; lastKnownFileType = file.storyboard; path = SplashViewController.storyboard; sourceTree = "<group>"; };
		10A00AA1237FBBCD00BA90EB /* SplashViewController.swift */ = {isa = PBXFileReference; lastKnownFileType = sourcecode.swift; path = SplashViewController.swift; sourceTree = "<group>"; };
		10A7C2F8237047F20050F6B8 /* FirebaseManager.swift */ = {isa = PBXFileReference; lastKnownFileType = sourcecode.swift; path = FirebaseManager.swift; sourceTree = "<group>"; };
		10A7E52322EDC14000DF3D34 /* Project_2Q_2019.app */ = {isa = PBXFileReference; explicitFileType = wrapper.application; includeInIndex = 0; path = Project_2Q_2019.app; sourceTree = BUILT_PRODUCTS_DIR; };
		10A7E52622EDC14000DF3D34 /* AppDelegate.swift */ = {isa = PBXFileReference; lastKnownFileType = sourcecode.swift; name = AppDelegate.swift; path = SharedObject/AppDelegate.swift; sourceTree = "<group>"; };
		10A7E52D22EDC14100DF3D34 /* Assets.xcassets */ = {isa = PBXFileReference; lastKnownFileType = folder.assetcatalog; path = Assets.xcassets; sourceTree = "<group>"; };
		10A7E53022EDC14100DF3D34 /* Base */ = {isa = PBXFileReference; lastKnownFileType = file.storyboard; name = Base; path = Base.lproj/LaunchScreen.storyboard; sourceTree = "<group>"; };
		10A7E53222EDC14100DF3D34 /* Info.plist */ = {isa = PBXFileReference; lastKnownFileType = text.plist.xml; path = Info.plist; sourceTree = "<group>"; };
		10A7E53722EDC14100DF3D34 /* Project_2Q_2019Tests.xctest */ = {isa = PBXFileReference; explicitFileType = wrapper.cfbundle; includeInIndex = 0; path = Project_2Q_2019Tests.xctest; sourceTree = BUILT_PRODUCTS_DIR; };
		10A7E53B22EDC14100DF3D34 /* Project_2Q_2019Tests.swift */ = {isa = PBXFileReference; lastKnownFileType = sourcecode.swift; path = Project_2Q_2019Tests.swift; sourceTree = "<group>"; };
		10A7E53D22EDC14100DF3D34 /* Info.plist */ = {isa = PBXFileReference; lastKnownFileType = text.plist.xml; path = Info.plist; sourceTree = "<group>"; };
		10A7E54222EDC14100DF3D34 /* Project_2Q_2019UITests.xctest */ = {isa = PBXFileReference; explicitFileType = wrapper.cfbundle; includeInIndex = 0; path = Project_2Q_2019UITests.xctest; sourceTree = BUILT_PRODUCTS_DIR; };
		10A7E54622EDC14100DF3D34 /* Project_2Q_2019UITests.swift */ = {isa = PBXFileReference; lastKnownFileType = sourcecode.swift; path = Project_2Q_2019UITests.swift; sourceTree = "<group>"; };
		10A7E54822EDC14100DF3D34 /* Info.plist */ = {isa = PBXFileReference; lastKnownFileType = text.plist.xml; path = Info.plist; sourceTree = "<group>"; };
		10A7E55522EDC1F500DF3D34 /* .swiftlint.yml */ = {isa = PBXFileReference; lastKnownFileType = text; path = .swiftlint.yml; sourceTree = "<group>"; };
		10A7E5942312B83F00DF3D34 /* AppRootViewController.swift */ = {isa = PBXFileReference; lastKnownFileType = sourcecode.swift; path = AppRootViewController.swift; sourceTree = "<group>"; };
		10A7E5972312B86800DF3D34 /* HomeViewController.storyboard */ = {isa = PBXFileReference; lastKnownFileType = file.storyboard; path = HomeViewController.storyboard; sourceTree = "<group>"; };
		10A7E5992312B87400DF3D34 /* HomeViewController.swift */ = {isa = PBXFileReference; lastKnownFileType = sourcecode.swift; path = HomeViewController.swift; sourceTree = "<group>"; };
		10A8FE0823A4B10C00F64F96 /* Extension+Date.swift */ = {isa = PBXFileReference; lastKnownFileType = sourcecode.swift; path = "Extension+Date.swift"; sourceTree = "<group>"; };
		10A8FE0A23A4B12A00F64F96 /* Extension+DateTest.swift */ = {isa = PBXFileReference; lastKnownFileType = sourcecode.swift; path = "Extension+DateTest.swift"; sourceTree = "<group>"; };
		10A8FE0F23A4B42A00F64F96 /* MenuViewController.storyboard */ = {isa = PBXFileReference; lastKnownFileType = file.storyboard; path = MenuViewController.storyboard; sourceTree = "<group>"; };
		10A8FE1123A4B43800F64F96 /* MenuViewController.swift */ = {isa = PBXFileReference; lastKnownFileType = sourcecode.swift; path = MenuViewController.swift; sourceTree = "<group>"; };
		10A8FE1323A4B44100F64F96 /* MenuViewModel.swift */ = {isa = PBXFileReference; lastKnownFileType = sourcecode.swift; path = MenuViewModel.swift; sourceTree = "<group>"; };
		10B00E042376846E00864551 /* User.swift */ = {isa = PBXFileReference; lastKnownFileType = sourcecode.swift; path = User.swift; sourceTree = "<group>"; };
		10B00E0623769DBD00864551 /* LogManager.swift */ = {isa = PBXFileReference; lastKnownFileType = sourcecode.swift; path = LogManager.swift; sourceTree = "<group>"; };
		10B6CF4D2365B05B00314C98 /* LoginViewModelTests.swift */ = {isa = PBXFileReference; lastKnownFileType = sourcecode.swift; path = LoginViewModelTests.swift; sourceTree = "<group>"; };
		10BAC0352557AEAB001B9A85 /* ClosableHistoryViewController.storyboard */ = {isa = PBXFileReference; lastKnownFileType = file.storyboard; path = ClosableHistoryViewController.storyboard; sourceTree = "<group>"; };
		10BAC0372557AECB001B9A85 /* ClosableHistoryViewController.swift */ = {isa = PBXFileReference; lastKnownFileType = sourcecode.swift; path = ClosableHistoryViewController.swift; sourceTree = "<group>"; };
		10C11910254E52E5002EB70D /* Extension+Double.swift */ = {isa = PBXFileReference; lastKnownFileType = sourcecode.swift; path = "Extension+Double.swift"; sourceTree = "<group>"; };
		10CB467D23922F4200380E06 /* HomeCollectionViewCell.xib */ = {isa = PBXFileReference; lastKnownFileType = file.xib; path = HomeCollectionViewCell.xib; sourceTree = "<group>"; };
		10CB467F23922F8800380E06 /* HomeCollectionViewCell.swift */ = {isa = PBXFileReference; lastKnownFileType = sourcecode.swift; path = HomeCollectionViewCell.swift; sourceTree = "<group>"; };
		10DFFDC824A09208005611A8 /* EditGoodsViewController.storyboard */ = {isa = PBXFileReference; lastKnownFileType = file.storyboard; path = EditGoodsViewController.storyboard; sourceTree = "<group>"; };
		10DFFDCA24A09224005611A8 /* EditGoodsViewController.swift */ = {isa = PBXFileReference; lastKnownFileType = sourcecode.swift; path = EditGoodsViewController.swift; sourceTree = "<group>"; };
		10DFFDCC24A09238005611A8 /* EditGoodsViewModel.swift */ = {isa = PBXFileReference; lastKnownFileType = sourcecode.swift; path = EditGoodsViewModel.swift; sourceTree = "<group>"; };
		10E472D024C03A4200BE71CC /* VerticalGraphCell.xib */ = {isa = PBXFileReference; lastKnownFileType = file.xib; path = VerticalGraphCell.xib; sourceTree = "<group>"; };
		10E472D224C03A5000BE71CC /* VerticalGraphCell.swift */ = {isa = PBXFileReference; lastKnownFileType = sourcecode.swift; path = VerticalGraphCell.swift; sourceTree = "<group>"; };
		10E472D624C1891100BE71CC /* GraphMonthButton.swift */ = {isa = PBXFileReference; lastKnownFileType = sourcecode.swift; path = GraphMonthButton.swift; sourceTree = "<group>"; };
		10EF3E6825A03DEC0031948F /* LoginViewController.swift */ = {isa = PBXFileReference; lastKnownFileType = sourcecode.swift; path = LoginViewController.swift; sourceTree = "<group>"; };
		10EF3E6A25A03E050031948F /* LoginViewModel.swift */ = {isa = PBXFileReference; lastKnownFileType = sourcecode.swift; path = LoginViewModel.swift; sourceTree = "<group>"; };
		10FE445B2532B7B9001D90BB /* MonthButton.swift */ = {isa = PBXFileReference; lastKnownFileType = sourcecode.swift; path = MonthButton.swift; sourceTree = "<group>"; };
		1CD2A4C0F6B6D48B5FC49979 /* Pods-Project_2Q_2019UITests.debug.xcconfig */ = {isa = PBXFileReference; includeInIndex = 1; lastKnownFileType = text.xcconfig; name = "Pods-Project_2Q_2019UITests.debug.xcconfig"; path = "Target Support Files/Pods-Project_2Q_2019UITests/Pods-Project_2Q_2019UITests.debug.xcconfig"; sourceTree = "<group>"; };
		3F464980BEC4F3155A426D2A /* Pods_Project_2Q_2019UITests.framework */ = {isa = PBXFileReference; explicitFileType = wrapper.framework; includeInIndex = 0; path = Pods_Project_2Q_2019UITests.framework; sourceTree = BUILT_PRODUCTS_DIR; };
		6044ADC4EDFDADB003FD5279 /* Pods-Project_2Q_2019Tests.debug.xcconfig */ = {isa = PBXFileReference; includeInIndex = 1; lastKnownFileType = text.xcconfig; name = "Pods-Project_2Q_2019Tests.debug.xcconfig"; path = "Target Support Files/Pods-Project_2Q_2019Tests/Pods-Project_2Q_2019Tests.debug.xcconfig"; sourceTree = "<group>"; };
		63298C60E1C21A50B02057F2 /* Pods-Project_2Q_2019.debug.xcconfig */ = {isa = PBXFileReference; includeInIndex = 1; lastKnownFileType = text.xcconfig; name = "Pods-Project_2Q_2019.debug.xcconfig"; path = "Target Support Files/Pods-Project_2Q_2019/Pods-Project_2Q_2019.debug.xcconfig"; sourceTree = "<group>"; };
		6440D06824A49E96000F461C /* HistoryContentGraphView.swift */ = {isa = PBXFileReference; lastKnownFileType = sourcecode.swift; path = HistoryContentGraphView.swift; sourceTree = "<group>"; };
		6440D06A24A49ECD000F461C /* HistoryContentGraphView.xib */ = {isa = PBXFileReference; lastKnownFileType = file.xib; path = HistoryContentGraphView.xib; sourceTree = "<group>"; };
		6466B75124AAC5560005E998 /* HistoryContentGraphViewModel.swift */ = {isa = PBXFileReference; lastKnownFileType = sourcecode.swift; path = HistoryContentGraphViewModel.swift; sourceTree = "<group>"; };
		6477C80E24A0894000BD2BD0 /* HistoryContentViewCell.swift */ = {isa = PBXFileReference; lastKnownFileType = sourcecode.swift; path = HistoryContentViewCell.swift; sourceTree = "<group>"; };
		6477C80F24A0894000BD2BD0 /* HistoryContentViewCell.xib */ = {isa = PBXFileReference; lastKnownFileType = file.xib; path = HistoryContentViewCell.xib; sourceTree = "<group>"; };
		6477C81224A08CB100BD2BD0 /* HistoryContentCellViewModel.swift */ = {isa = PBXFileReference; lastKnownFileType = sourcecode.swift; path = HistoryContentCellViewModel.swift; sourceTree = "<group>"; };
		6477C81524A0927500BD2BD0 /* HistoryContentHeaderView.swift */ = {isa = PBXFileReference; lastKnownFileType = sourcecode.swift; path = HistoryContentHeaderView.swift; sourceTree = "<group>"; };
		6477C81724A0928400BD2BD0 /* HistoryContentHeaderViewModel.swift */ = {isa = PBXFileReference; lastKnownFileType = sourcecode.swift; path = HistoryContentHeaderViewModel.swift; sourceTree = "<group>"; };
		6477C81924A0928F00BD2BD0 /* HistoryContentHeaderView.xib */ = {isa = PBXFileReference; lastKnownFileType = file.xib; path = HistoryContentHeaderView.xib; sourceTree = "<group>"; };
		6477C81C24A09BFD00BD2BD0 /* HistoryContentFooterView.swift */ = {isa = PBXFileReference; lastKnownFileType = sourcecode.swift; path = HistoryContentFooterView.swift; sourceTree = "<group>"; };
		6477C81E24A09C2700BD2BD0 /* HistoryContentFooterView.xib */ = {isa = PBXFileReference; lastKnownFileType = file.xib; path = HistoryContentFooterView.xib; sourceTree = "<group>"; };
		6477C82024A09F0500BD2BD0 /* HistoryContentView.swift */ = {isa = PBXFileReference; lastKnownFileType = sourcecode.swift; path = HistoryContentView.swift; sourceTree = "<group>"; };
		6477C82224A09F2000BD2BD0 /* HistoryContentView.xib */ = {isa = PBXFileReference; lastKnownFileType = file.xib; path = HistoryContentView.xib; sourceTree = "<group>"; };
		6477C82424A09F6800BD2BD0 /* HistoryContentViewModel.swift */ = {isa = PBXFileReference; lastKnownFileType = sourcecode.swift; path = HistoryContentViewModel.swift; sourceTree = "<group>"; };
		64C4B9FB24A1FA0000B609A4 /* ProgressHUD.swift */ = {isa = PBXFileReference; lastKnownFileType = sourcecode.swift; path = ProgressHUD.swift; sourceTree = "<group>"; };
		64C4B9FD24A1FA1E00B609A4 /* ProgressHUD.xib */ = {isa = PBXFileReference; lastKnownFileType = file.xib; path = ProgressHUD.xib; sourceTree = "<group>"; };
		64F2119D2573697100B9669B /* EditBoughtGoodsViewController.swift */ = {isa = PBXFileReference; lastKnownFileType = sourcecode.swift; path = EditBoughtGoodsViewController.swift; sourceTree = "<group>"; };
		64F2119F2573698800B9669B /* EditBoughtGoodsViewModel.swift */ = {isa = PBXFileReference; lastKnownFileType = sourcecode.swift; path = EditBoughtGoodsViewModel.swift; sourceTree = "<group>"; };
		64F211A12573699A00B9669B /* EditBoughtGoodsViewController.storyboard */ = {isa = PBXFileReference; lastKnownFileType = file.storyboard; path = EditBoughtGoodsViewController.storyboard; sourceTree = "<group>"; };
		C992C0A258A303CDF11D7171 /* Pods-Project_2Q_2019.release.xcconfig */ = {isa = PBXFileReference; includeInIndex = 1; lastKnownFileType = text.xcconfig; name = "Pods-Project_2Q_2019.release.xcconfig"; path = "Target Support Files/Pods-Project_2Q_2019/Pods-Project_2Q_2019.release.xcconfig"; sourceTree = "<group>"; };
		CECB5D85303E0522B8E01512 /* Pods-Project_2Q_2019Tests.release.xcconfig */ = {isa = PBXFileReference; includeInIndex = 1; lastKnownFileType = text.xcconfig; name = "Pods-Project_2Q_2019Tests.release.xcconfig"; path = "Target Support Files/Pods-Project_2Q_2019Tests/Pods-Project_2Q_2019Tests.release.xcconfig"; sourceTree = "<group>"; };
		E1BF6ABDCD5D650FDE1DC48F /* Pods-Project_2Q_2019UITests.release.xcconfig */ = {isa = PBXFileReference; includeInIndex = 1; lastKnownFileType = text.xcconfig; name = "Pods-Project_2Q_2019UITests.release.xcconfig"; path = "Target Support Files/Pods-Project_2Q_2019UITests/Pods-Project_2Q_2019UITests.release.xcconfig"; sourceTree = "<group>"; };
		E43E7A66781B6AE5A7AF269C /* Pods_Project_2Q_2019.framework */ = {isa = PBXFileReference; explicitFileType = wrapper.framework; includeInIndex = 0; path = Pods_Project_2Q_2019.framework; sourceTree = BUILT_PRODUCTS_DIR; };
		F9561781C47D200A1C5A49BA /* Pods_Project_2Q_2019Tests.framework */ = {isa = PBXFileReference; explicitFileType = wrapper.framework; includeInIndex = 0; path = Pods_Project_2Q_2019Tests.framework; sourceTree = BUILT_PRODUCTS_DIR; };
/* End PBXFileReference section */

/* Begin PBXFrameworksBuildPhase section */
		10A7E52022EDC14000DF3D34 /* Frameworks */ = {
			isa = PBXFrameworksBuildPhase;
			buildActionMask = 2147483647;
			files = (
				1273A3F231517C61780C5E9F /* Pods_Project_2Q_2019.framework in Frameworks */,
				6440D06624A49283000F461C /* Charts in Frameworks */,
			);
			runOnlyForDeploymentPostprocessing = 0;
		};
		10A7E53422EDC14100DF3D34 /* Frameworks */ = {
			isa = PBXFrameworksBuildPhase;
			buildActionMask = 2147483647;
			files = (
				EAE39FA429389A4E5C7D7140 /* Pods_Project_2Q_2019Tests.framework in Frameworks */,
			);
			runOnlyForDeploymentPostprocessing = 0;
		};
		10A7E53F22EDC14100DF3D34 /* Frameworks */ = {
			isa = PBXFrameworksBuildPhase;
			buildActionMask = 2147483647;
			files = (
				E1799685027F0730AF491B88 /* Pods_Project_2Q_2019UITests.framework in Frameworks */,
			);
			runOnlyForDeploymentPostprocessing = 0;
		};
/* End PBXFrameworksBuildPhase section */

/* Begin PBXGroup section */
		100CF47723ADFEC500B3557D /* Graph */ = {
			isa = PBXGroup;
			children = (
				10E472CF24C03A0A00BE71CC /* ViewParts */,
				100CF47823ADFEFC00B3557D /* GraphViewController.storyboard */,
				100CF47A23ADFF0800B3557D /* GraphViewController.swift */,
				100CF47C23ADFF1400B3557D /* GraphViewModel.swift */,
			);
			path = Graph;
			sourceTree = "<group>";
		};
		100CF47E23AE00F500B3557D /* History */ = {
			isa = PBXGroup;
			children = (
				6440D06724A49E4B000F461C /* GraphView */,
				6477C80A24A084D000BD2BD0 /* HistoryContentView */,
				108D9F7D2439A86E0058EF41 /* ViewParts */,
				100CF47F23AE011400B3557D /* HistoryViewController.storyboard */,
				100CF48123AE012000B3557D /* HistoryViewController.swift */,
				100CF48323AE012800B3557D /* HistoryViewModel.swift */,
			);
			path = History;
			sourceTree = "<group>";
		};
		1016000623922EFE00A92C4D /* ViewParts */ = {
			isa = PBXGroup;
			children = (
				104106DA243094F9004E6D48 /* View Parts */,
				10CB467D23922F4200380E06 /* HomeCollectionViewCell.xib */,
				10CB467F23922F8800380E06 /* HomeCollectionViewCell.swift */,
				104106D8243071DF004E6D48 /* HomeCollectionViewModel.swift */,
			);
			path = ViewParts;
			sourceTree = "<group>";
		};
		10188E1123C996EC00F94681 /* AlertView */ = {
			isa = PBXGroup;
			children = (
				10188E1323C9970900F94681 /* AlertViewController.storyboard */,
				10188E1523C997B900F94681 /* AlertViewController.swift */,
			);
			path = AlertView;
			sourceTree = "<group>";
		};
		1032FE552338C0920039E9C0 /* SharedObject */ = {
			isa = PBXGroup;
			children = (
				64C4B9FA24A1F9E400B609A4 /* HUD */,
				10519E5B249C96C300A41E60 /* Model */,
				1032FE562338C1050039E9C0 /* StoryboardInstantiable.swift */,
				10B00E0623769DBD00864551 /* LogManager.swift */,
				107A3863237FDC5600D276E9 /* ActivityIndicator.swift */,
				107A3865237FE5B400D276E9 /* DropDownManager.swift */,
			);
			path = SharedObject;
			sourceTree = "<group>";
		};
		1032FE582338C2940039E9C0 /* Login */ = {
			isa = PBXGroup;
			children = (
				1032FE5B2338C2AE0039E9C0 /* LoginViewController.storyboard */,
				10EF3E6825A03DEC0031948F /* LoginViewController.swift */,
				10EF3E6A25A03E050031948F /* LoginViewModel.swift */,
				1032FE592338C2A70039E9C0 /* OldLoginViewController.swift */,
				1032FE632338E2340039E9C0 /* OldLoginViewModel.swift */,
			);
			path = Login;
			sourceTree = "<group>";
		};
		1032FE5E2338DDCD0039E9C0 /* Register */ = {
			isa = PBXGroup;
			children = (
				1032FE612338DE5F0039E9C0 /* RegisterViewController.storyboard */,
				1032FE5F2338DE530039E9C0 /* RegisterViewController.swift */,
				1032FE652338E2410039E9C0 /* RegisterViewModel.swift */,
			);
			path = Register;
			sourceTree = "<group>";
		};
		1032FE692338E41C0039E9C0 /* ViewParts */ = {
			isa = PBXGroup;
			children = (
				1032FE6A2338E4440039E9C0 /* RoundView.swift */,
				1032FE712338ED910039E9C0 /* RoundButton.swift */,
				1063530E23B740F7004A4BB4 /* RoundBorderButton.swift */,
				10188E1123C996EC00F94681 /* AlertView */,
				107901C924710B8600D28D4B /* AlertView.swift */,
				1073EC3923DC18A7003BB2C5 /* ShadowView.swift */,
				10E472D624C1891100BE71CC /* GraphMonthButton.swift */,
			);
			path = ViewParts;
			sourceTree = "<group>";
		};
		1032FE6C2338E5250039E9C0 /* Resource */ = {
			isa = PBXGroup;
			children = (
				10A7E52D22EDC14100DF3D34 /* Assets.xcassets */,
				1032FE6D2338ECC90039E9C0 /* Assets.colors.xcassets */,
			);
			path = Resource;
			sourceTree = "<group>";
		};
		104106DA243094F9004E6D48 /* View Parts */ = {
			isa = PBXGroup;
			children = (
				104106E424309741004E6D48 /* HomeTableViewCell.xib */,
				104106E62430975B004E6D48 /* HomeTableViewCell.swift */,
			);
			path = "View Parts";
			sourceTree = "<group>";
		};
		104B3E9F23F7C37B00B1A352 /* Model */ = {
			isa = PBXGroup;
			children = (
				10B00E042376846E00864551 /* User.swift */,
				1073EC3B23EE6E35003BB2C5 /* Goods.swift */,
			);
			path = Model;
			sourceTree = "<group>";
		};
		10519E5B249C96C300A41E60 /* Model */ = {
			isa = PBXGroup;
			children = (
				10519E5C249C96E800A41E60 /* GoodsCategory.swift */,
			);
			path = Model;
			sourceTree = "<group>";
		};
		1073EC3223DC0054003BB2C5 /* AddGoods */ = {
			isa = PBXGroup;
			children = (
				1073EC3323DC00BC003BB2C5 /* AddGoodsViewController.storyboard */,
				1073EC3523DC00CB003BB2C5 /* AddGoodsViewController.swift */,
				1073EC3723DC00D6003BB2C5 /* AddGoodsViewModel.swift */,
			);
			path = AddGoods;
			sourceTree = "<group>";
		};
		108D9F7D2439A86E0058EF41 /* ViewParts */ = {
			isa = PBXGroup;
			children = (
				108D9F812439AD320058EF41 /* HistoryCollectionViewCell.xib */,
				108D9F832439AD6A0058EF41 /* HistoryCollectionViewCell.swift */,
				108D9F852439AE030058EF41 /* HistoryCollectionViewModel.swift */,
			);
			path = ViewParts;
			sourceTree = "<group>";
		};
		108FFD83237FFCFF005B21CC /* Extension */ = {
			isa = PBXGroup;
			children = (
				108FFD85237FFFDA005B21CC /* Extension+UIColor.swift */,
				10A8FE0823A4B10C00F64F96 /* Extension+Date.swift */,
				10128AAD2403B55B00C6F5B9 /* Extension+UITableView.swift */,
				104106D624306C6D004E6D48 /* Extension+UICollectionView.swift */,
				10128AAF2403B59000C6F5B9 /* Extension+NSObject.swift */,
				10128AB5240B78A400C6F5B9 /* Extension+UIView.swift */,
				104106D4242744A1004E6D48 /* Extension+String.swift */,
				10C11910254E52E5002EB70D /* Extension+Double.swift */,
			);
			path = Extension;
			sourceTree = "<group>";
		};
		10A00A9E237FB9A300BA90EB /* Splash */ = {
			isa = PBXGroup;
			children = (
				10A00A9F237FBB1A00BA90EB /* SplashViewController.storyboard */,
				10A00AA1237FBBCD00BA90EB /* SplashViewController.swift */,
			);
			path = Splash;
			sourceTree = "<group>";
		};
		10A7E51A22EDC14000DF3D34 = {
			isa = PBXGroup;
			children = (
				10A7E55522EDC1F500DF3D34 /* .swiftlint.yml */,
				10A7E52522EDC14000DF3D34 /* Project_2Q_2019 */,
				10A7E53A22EDC14100DF3D34 /* Project_2Q_2019Tests */,
				10A7E54522EDC14100DF3D34 /* Project_2Q_2019UITests */,
				10A7E52422EDC14000DF3D34 /* Products */,
				1E917019B7995D9B9985F0BC /* Pods */,
				3427FF529643414303884D44 /* Frameworks */,
			);
			sourceTree = "<group>";
		};
		10A7E52422EDC14000DF3D34 /* Products */ = {
			isa = PBXGroup;
			children = (
				10A7E52322EDC14000DF3D34 /* Project_2Q_2019.app */,
				10A7E53722EDC14100DF3D34 /* Project_2Q_2019Tests.xctest */,
				10A7E54222EDC14100DF3D34 /* Project_2Q_2019UITests.xctest */,
			);
			name = Products;
			sourceTree = "<group>";
		};
		10A7E52522EDC14000DF3D34 /* Project_2Q_2019 */ = {
			isa = PBXGroup;
			children = (
				108794EE25A97A7600C8301F /* Project_2Q_2019Debug.entitlements */,
				108FFD83237FFCFF005B21CC /* Extension */,
				10B00E012376818B00864551 /* API */,
				10A7E5932312B81D00DF3D34 /* Screen */,
				1032FE6C2338E5250039E9C0 /* Resource */,
				1032FE692338E41C0039E9C0 /* ViewParts */,
				1032FE552338C0920039E9C0 /* SharedObject */,
				10A7E52622EDC14000DF3D34 /* AppDelegate.swift */,
				1016000423922B5C00A92C4D /* GoogleService-Info.plist */,
				10519E59249B55C700A41E60 /* GoogleService-Info-dev.plist */,
				10A7E53222EDC14100DF3D34 /* Info.plist */,
			);
			path = Project_2Q_2019;
			sourceTree = "<group>";
		};
		10A7E53A22EDC14100DF3D34 /* Project_2Q_2019Tests */ = {
			isa = PBXGroup;
			children = (
				10A7E53D22EDC14100DF3D34 /* Info.plist */,
				10A7E53B22EDC14100DF3D34 /* Project_2Q_2019Tests.swift */,
				10B6CF4D2365B05B00314C98 /* LoginViewModelTests.swift */,
				10A8FE0A23A4B12A00F64F96 /* Extension+DateTest.swift */,
			);
			path = Project_2Q_2019Tests;
			sourceTree = "<group>";
		};
		10A7E54522EDC14100DF3D34 /* Project_2Q_2019UITests */ = {
			isa = PBXGroup;
			children = (
				10A7E54822EDC14100DF3D34 /* Info.plist */,
				10A7E54622EDC14100DF3D34 /* Project_2Q_2019UITests.swift */,
			);
			path = Project_2Q_2019UITests;
			sourceTree = "<group>";
		};
		10A7E5932312B81D00DF3D34 /* Screen */ = {
			isa = PBXGroup;
			children = (
				10A7E52F22EDC14100DF3D34 /* LaunchScreen.storyboard */,
				10A7E5942312B83F00DF3D34 /* AppRootViewController.swift */,
				10A00A9E237FB9A300BA90EB /* Splash */,
				1032FE582338C2940039E9C0 /* Login */,
				1032FE5E2338DDCD0039E9C0 /* Register */,
				10A7E5962312B85700DF3D34 /* Home */,
				10A8FE0C23A4B3CA00F64F96 /* Menu */,
				1073EC3223DC0054003BB2C5 /* AddGoods */,
				10DFFDC724A091E5005611A8 /* EditGoods */,
				64F2119C2573694800B9669B /* EditBoughtGoods */,
				100CF47723ADFEC500B3557D /* Graph */,
				100CF47E23AE00F500B3557D /* History */,
				10BAC0342557ADC5001B9A85 /* ClosableHistory */,
			);
			path = Screen;
			sourceTree = "<group>";
		};
		10A7E5962312B85700DF3D34 /* Home */ = {
			isa = PBXGroup;
			children = (
				1016000623922EFE00A92C4D /* ViewParts */,
				10A7E5972312B86800DF3D34 /* HomeViewController.storyboard */,
				10A7E5992312B87400DF3D34 /* HomeViewController.swift */,
				1032FE672338E24A0039E9C0 /* HomeViewModel.swift */,
			);
			path = Home;
			sourceTree = "<group>";
		};
		10A8FE0C23A4B3CA00F64F96 /* Menu */ = {
			isa = PBXGroup;
			children = (
				10A8FE0F23A4B42A00F64F96 /* MenuViewController.storyboard */,
				10A8FE1123A4B43800F64F96 /* MenuViewController.swift */,
				10A8FE1323A4B44100F64F96 /* MenuViewModel.swift */,
			);
			path = Menu;
			sourceTree = "<group>";
		};
		10B00E012376818B00864551 /* API */ = {
			isa = PBXGroup;
			children = (
				104B3E9F23F7C37B00B1A352 /* Model */,
				10A7C2F8237047F20050F6B8 /* FirebaseManager.swift */,
			);
			path = API;
			sourceTree = "<group>";
		};
		10BAC0342557ADC5001B9A85 /* ClosableHistory */ = {
			isa = PBXGroup;
			children = (
				10BAC0352557AEAB001B9A85 /* ClosableHistoryViewController.storyboard */,
				10BAC0372557AECB001B9A85 /* ClosableHistoryViewController.swift */,
			);
			path = ClosableHistory;
			sourceTree = "<group>";
		};
		10DFFDC724A091E5005611A8 /* EditGoods */ = {
			isa = PBXGroup;
			children = (
				10DFFDC824A09208005611A8 /* EditGoodsViewController.storyboard */,
				10DFFDCA24A09224005611A8 /* EditGoodsViewController.swift */,
				10DFFDCC24A09238005611A8 /* EditGoodsViewModel.swift */,
			);
			path = EditGoods;
			sourceTree = "<group>";
		};
		10E472CF24C03A0A00BE71CC /* ViewParts */ = {
			isa = PBXGroup;
			children = (
				10E472D024C03A4200BE71CC /* VerticalGraphCell.xib */,
				10E472D224C03A5000BE71CC /* VerticalGraphCell.swift */,
				1031046F2504BB2E00FCC42C /* YearButton.swift */,
				10FE445B2532B7B9001D90BB /* MonthButton.swift */,
			);
			path = ViewParts;
			sourceTree = "<group>";
		};
		1E917019B7995D9B9985F0BC /* Pods */ = {
			isa = PBXGroup;
			children = (
				63298C60E1C21A50B02057F2 /* Pods-Project_2Q_2019.debug.xcconfig */,
				C992C0A258A303CDF11D7171 /* Pods-Project_2Q_2019.release.xcconfig */,
				6044ADC4EDFDADB003FD5279 /* Pods-Project_2Q_2019Tests.debug.xcconfig */,
				CECB5D85303E0522B8E01512 /* Pods-Project_2Q_2019Tests.release.xcconfig */,
				1CD2A4C0F6B6D48B5FC49979 /* Pods-Project_2Q_2019UITests.debug.xcconfig */,
				E1BF6ABDCD5D650FDE1DC48F /* Pods-Project_2Q_2019UITests.release.xcconfig */,
			);
			path = Pods;
			sourceTree = "<group>";
		};
		3427FF529643414303884D44 /* Frameworks */ = {
			isa = PBXGroup;
			children = (
				E43E7A66781B6AE5A7AF269C /* Pods_Project_2Q_2019.framework */,
				F9561781C47D200A1C5A49BA /* Pods_Project_2Q_2019Tests.framework */,
				3F464980BEC4F3155A426D2A /* Pods_Project_2Q_2019UITests.framework */,
			);
			name = Frameworks;
			sourceTree = "<group>";
		};
		6440D06724A49E4B000F461C /* GraphView */ = {
			isa = PBXGroup;
			children = (
				6440D06A24A49ECD000F461C /* HistoryContentGraphView.xib */,
				6440D06824A49E96000F461C /* HistoryContentGraphView.swift */,
				6466B75124AAC5560005E998 /* HistoryContentGraphViewModel.swift */,
			);
			path = GraphView;
			sourceTree = "<group>";
		};
		6477C80A24A084D000BD2BD0 /* HistoryContentView */ = {
			isa = PBXGroup;
			children = (
				6477C82224A09F2000BD2BD0 /* HistoryContentView.xib */,
				6477C82024A09F0500BD2BD0 /* HistoryContentView.swift */,
				6477C82424A09F6800BD2BD0 /* HistoryContentViewModel.swift */,
				6477C80B24A088DC00BD2BD0 /* Cell */,
			);
			path = HistoryContentView;
			sourceTree = "<group>";
		};
		6477C80B24A088DC00BD2BD0 /* Cell */ = {
			isa = PBXGroup;
			children = (
				6477C81B24A09AC500BD2BD0 /* Footer */,
				6477C81424A0918E00BD2BD0 /* Header */,
				6477C80F24A0894000BD2BD0 /* HistoryContentViewCell.xib */,
				6477C80E24A0894000BD2BD0 /* HistoryContentViewCell.swift */,
				6477C81224A08CB100BD2BD0 /* HistoryContentCellViewModel.swift */,
			);
			path = Cell;
			sourceTree = "<group>";
		};
		6477C81424A0918E00BD2BD0 /* Header */ = {
			isa = PBXGroup;
			children = (
				6477C81924A0928F00BD2BD0 /* HistoryContentHeaderView.xib */,
				6477C81524A0927500BD2BD0 /* HistoryContentHeaderView.swift */,
				6477C81724A0928400BD2BD0 /* HistoryContentHeaderViewModel.swift */,
			);
			path = Header;
			sourceTree = "<group>";
		};
		6477C81B24A09AC500BD2BD0 /* Footer */ = {
			isa = PBXGroup;
			children = (
				6477C81E24A09C2700BD2BD0 /* HistoryContentFooterView.xib */,
				6477C81C24A09BFD00BD2BD0 /* HistoryContentFooterView.swift */,
			);
			path = Footer;
			sourceTree = "<group>";
		};
		64C4B9FA24A1F9E400B609A4 /* HUD */ = {
			isa = PBXGroup;
			children = (
				64C4B9FB24A1FA0000B609A4 /* ProgressHUD.swift */,
				64C4B9FD24A1FA1E00B609A4 /* ProgressHUD.xib */,
			);
			path = HUD;
			sourceTree = "<group>";
		};
		64F2119C2573694800B9669B /* EditBoughtGoods */ = {
			isa = PBXGroup;
			children = (
				64F211A12573699A00B9669B /* EditBoughtGoodsViewController.storyboard */,
				64F2119D2573697100B9669B /* EditBoughtGoodsViewController.swift */,
				64F2119F2573698800B9669B /* EditBoughtGoodsViewModel.swift */,
			);
			path = EditBoughtGoods;
			sourceTree = "<group>";
		};
/* End PBXGroup section */

/* Begin PBXNativeTarget section */
		10A7E52222EDC14000DF3D34 /* Project_2Q_2019 */ = {
			isa = PBXNativeTarget;
			buildConfigurationList = 10A7E54B22EDC14100DF3D34 /* Build configuration list for PBXNativeTarget "Project_2Q_2019" */;
			buildPhases = (
				D359727CA51E45196F2C350A /* [CP] Check Pods Manifest.lock */,
				10A7E51F22EDC14000DF3D34 /* Sources */,
				10A7E52022EDC14000DF3D34 /* Frameworks */,
				10A7E52122EDC14000DF3D34 /* Resources */,
				10A7E55422EDC1B500DF3D34 /* ShellScript */,
				E3F7865A991B03378BE6370B /* [CP] Embed Pods Frameworks */,
			);
			buildRules = (
			);
			dependencies = (
			);
			name = Project_2Q_2019;
			packageProductDependencies = (
				6440D06524A49283000F461C /* Charts */,
			);
			productName = Project_2Q_2019;
			productReference = 10A7E52322EDC14000DF3D34 /* Project_2Q_2019.app */;
			productType = "com.apple.product-type.application";
		};
		10A7E53622EDC14100DF3D34 /* Project_2Q_2019Tests */ = {
			isa = PBXNativeTarget;
			buildConfigurationList = 10A7E54E22EDC14100DF3D34 /* Build configuration list for PBXNativeTarget "Project_2Q_2019Tests" */;
			buildPhases = (
				E09ACFC876B052BEA770C3ED /* [CP] Check Pods Manifest.lock */,
				10A7E53322EDC14100DF3D34 /* Sources */,
				10A7E53422EDC14100DF3D34 /* Frameworks */,
				10A7E53522EDC14100DF3D34 /* Resources */,
				2C3CD0748B90DDC71957264D /* [CP] Embed Pods Frameworks */,
			);
			buildRules = (
			);
			dependencies = (
				10A7E53922EDC14100DF3D34 /* PBXTargetDependency */,
			);
			name = Project_2Q_2019Tests;
			productName = Project_2Q_2019Tests;
			productReference = 10A7E53722EDC14100DF3D34 /* Project_2Q_2019Tests.xctest */;
			productType = "com.apple.product-type.bundle.unit-test";
		};
		10A7E54122EDC14100DF3D34 /* Project_2Q_2019UITests */ = {
			isa = PBXNativeTarget;
			buildConfigurationList = 10A7E55122EDC14100DF3D34 /* Build configuration list for PBXNativeTarget "Project_2Q_2019UITests" */;
			buildPhases = (
				84DA91221C460CABE4F954CE /* [CP] Check Pods Manifest.lock */,
				10A7E53E22EDC14100DF3D34 /* Sources */,
				10A7E53F22EDC14100DF3D34 /* Frameworks */,
				10A7E54022EDC14100DF3D34 /* Resources */,
			);
			buildRules = (
			);
			dependencies = (
				10A7E54422EDC14100DF3D34 /* PBXTargetDependency */,
			);
			name = Project_2Q_2019UITests;
			productName = Project_2Q_2019UITests;
			productReference = 10A7E54222EDC14100DF3D34 /* Project_2Q_2019UITests.xctest */;
			productType = "com.apple.product-type.bundle.ui-testing";
		};
/* End PBXNativeTarget section */

/* Begin PBXProject section */
		10A7E51B22EDC14000DF3D34 /* Project object */ = {
			isa = PBXProject;
			attributes = {
				LastSwiftUpdateCheck = 1020;
				LastUpgradeCheck = 1150;
				ORGANIZATIONNAME = "JUNHYEOK KWON";
				TargetAttributes = {
					10A7E52222EDC14000DF3D34 = {
						CreatedOnToolsVersion = 10.2.1;
					};
					10A7E53622EDC14100DF3D34 = {
						CreatedOnToolsVersion = 10.2.1;
						TestTargetID = 10A7E52222EDC14000DF3D34;
					};
					10A7E54122EDC14100DF3D34 = {
						CreatedOnToolsVersion = 10.2.1;
						TestTargetID = 10A7E52222EDC14000DF3D34;
					};
				};
			};
			buildConfigurationList = 10A7E51E22EDC14000DF3D34 /* Build configuration list for PBXProject "Project_2Q_2019" */;
			compatibilityVersion = "Xcode 9.3";
			developmentRegion = en;
			hasScannedForEncodings = 0;
			knownRegions = (
				en,
				Base,
			);
			mainGroup = 10A7E51A22EDC14000DF3D34;
			packageReferences = (
				6440D06424A49283000F461C /* XCRemoteSwiftPackageReference "Charts" */,
			);
			productRefGroup = 10A7E52422EDC14000DF3D34 /* Products */;
			projectDirPath = "";
			projectRoot = "";
			targets = (
				10A7E52222EDC14000DF3D34 /* Project_2Q_2019 */,
				10A7E53622EDC14100DF3D34 /* Project_2Q_2019Tests */,
				10A7E54122EDC14100DF3D34 /* Project_2Q_2019UITests */,
			);
		};
/* End PBXProject section */

/* Begin PBXResourcesBuildPhase section */
		10A7E52122EDC14000DF3D34 /* Resources */ = {
			isa = PBXResourcesBuildPhase;
			buildActionMask = 2147483647;
			files = (
				1073EC3423DC00BC003BB2C5 /* AddGoodsViewController.storyboard in Resources */,
				64F211A22573699A00B9669B /* EditBoughtGoodsViewController.storyboard in Resources */,
				6440D06B24A49ECD000F461C /* HistoryContentGraphView.xib in Resources */,
				100CF48023AE011400B3557D /* HistoryViewController.storyboard in Resources */,
				6477C81A24A0928F00BD2BD0 /* HistoryContentHeaderView.xib in Resources */,
				10BAC0362557AEAB001B9A85 /* ClosableHistoryViewController.storyboard in Resources */,
				1032FE6E2338ECC90039E9C0 /* Assets.colors.xcassets in Resources */,
				10A7E5982312B86800DF3D34 /* HomeViewController.storyboard in Resources */,
				108D9F822439AD320058EF41 /* HistoryCollectionViewCell.xib in Resources */,
				10A8FE1023A4B42A00F64F96 /* MenuViewController.storyboard in Resources */,
				1016000523922B5C00A92C4D /* GoogleService-Info.plist in Resources */,
				10A7E55622EDC1F500DF3D34 /* .swiftlint.yml in Resources */,
				64C4B9FE24A1FA1E00B609A4 /* ProgressHUD.xib in Resources */,
				10A7E53122EDC14100DF3D34 /* LaunchScreen.storyboard in Resources */,
				104106E524309741004E6D48 /* HomeTableViewCell.xib in Resources */,
				10DFFDC924A09208005611A8 /* EditGoodsViewController.storyboard in Resources */,
				6477C81F24A09C2700BD2BD0 /* HistoryContentFooterView.xib in Resources */,
				6477C81124A0894000BD2BD0 /* HistoryContentViewCell.xib in Resources */,
				100CF47923ADFEFC00B3557D /* GraphViewController.storyboard in Resources */,
				10CB467E23922F4200380E06 /* HomeCollectionViewCell.xib in Resources */,
				1032FE5C2338C2AE0039E9C0 /* LoginViewController.storyboard in Resources */,
				10519E5A249B55C700A41E60 /* GoogleService-Info-dev.plist in Resources */,
				10E472D124C03A4200BE71CC /* VerticalGraphCell.xib in Resources */,
				6477C82324A09F2000BD2BD0 /* HistoryContentView.xib in Resources */,
				10188E1423C9970900F94681 /* AlertViewController.storyboard in Resources */,
				10A7E52E22EDC14100DF3D34 /* Assets.xcassets in Resources */,
				10A00AA0237FBB1A00BA90EB /* SplashViewController.storyboard in Resources */,
				1032FE622338DE5F0039E9C0 /* RegisterViewController.storyboard in Resources */,
			);
			runOnlyForDeploymentPostprocessing = 0;
		};
		10A7E53522EDC14100DF3D34 /* Resources */ = {
			isa = PBXResourcesBuildPhase;
			buildActionMask = 2147483647;
			files = (
			);
			runOnlyForDeploymentPostprocessing = 0;
		};
		10A7E54022EDC14100DF3D34 /* Resources */ = {
			isa = PBXResourcesBuildPhase;
			buildActionMask = 2147483647;
			files = (
			);
			runOnlyForDeploymentPostprocessing = 0;
		};
/* End PBXResourcesBuildPhase section */

/* Begin PBXShellScriptBuildPhase section */
		10A7E55422EDC1B500DF3D34 /* ShellScript */ = {
			isa = PBXShellScriptBuildPhase;
			buildActionMask = 2147483647;
			files = (
			);
			inputFileListPaths = (
			);
			inputPaths = (
			);
			outputFileListPaths = (
			);
			outputPaths = (
			);
			runOnlyForDeploymentPostprocessing = 0;
			shellPath = /bin/sh;
			shellScript = "if which swiftlint >/dev/null; then\nswiftlint autocorrect --format\nswiftlint\nelse\necho \"SwiftLint does not exist, download from https://github.com/realm/SwiftLint\"\nfi\n";
		};
		2C3CD0748B90DDC71957264D /* [CP] Embed Pods Frameworks */ = {
			isa = PBXShellScriptBuildPhase;
			buildActionMask = 2147483647;
			files = (
			);
			inputFileListPaths = (
				"${PODS_ROOT}/Target Support Files/Pods-Project_2Q_2019Tests/Pods-Project_2Q_2019Tests-frameworks-${CONFIGURATION}-input-files.xcfilelist",
			);
			name = "[CP] Embed Pods Frameworks";
			outputFileListPaths = (
				"${PODS_ROOT}/Target Support Files/Pods-Project_2Q_2019Tests/Pods-Project_2Q_2019Tests-frameworks-${CONFIGURATION}-output-files.xcfilelist",
			);
			runOnlyForDeploymentPostprocessing = 0;
			shellPath = /bin/sh;
			shellScript = "\"${PODS_ROOT}/Target Support Files/Pods-Project_2Q_2019Tests/Pods-Project_2Q_2019Tests-frameworks.sh\"\n";
			showEnvVarsInLog = 0;
		};
		84DA91221C460CABE4F954CE /* [CP] Check Pods Manifest.lock */ = {
			isa = PBXShellScriptBuildPhase;
			buildActionMask = 2147483647;
			files = (
			);
			inputFileListPaths = (
			);
			inputPaths = (
				"${PODS_PODFILE_DIR_PATH}/Podfile.lock",
				"${PODS_ROOT}/Manifest.lock",
			);
			name = "[CP] Check Pods Manifest.lock";
			outputFileListPaths = (
			);
			outputPaths = (
				"$(DERIVED_FILE_DIR)/Pods-Project_2Q_2019UITests-checkManifestLockResult.txt",
			);
			runOnlyForDeploymentPostprocessing = 0;
			shellPath = /bin/sh;
			shellScript = "diff \"${PODS_PODFILE_DIR_PATH}/Podfile.lock\" \"${PODS_ROOT}/Manifest.lock\" > /dev/null\nif [ $? != 0 ] ; then\n    # print error to STDERR\n    echo \"error: The sandbox is not in sync with the Podfile.lock. Run 'pod install' or update your CocoaPods installation.\" >&2\n    exit 1\nfi\n# This output is used by Xcode 'outputs' to avoid re-running this script phase.\necho \"SUCCESS\" > \"${SCRIPT_OUTPUT_FILE_0}\"\n";
			showEnvVarsInLog = 0;
		};
		D359727CA51E45196F2C350A /* [CP] Check Pods Manifest.lock */ = {
			isa = PBXShellScriptBuildPhase;
			buildActionMask = 2147483647;
			files = (
			);
			inputFileListPaths = (
			);
			inputPaths = (
				"${PODS_PODFILE_DIR_PATH}/Podfile.lock",
				"${PODS_ROOT}/Manifest.lock",
			);
			name = "[CP] Check Pods Manifest.lock";
			outputFileListPaths = (
			);
			outputPaths = (
				"$(DERIVED_FILE_DIR)/Pods-Project_2Q_2019-checkManifestLockResult.txt",
			);
			runOnlyForDeploymentPostprocessing = 0;
			shellPath = /bin/sh;
			shellScript = "diff \"${PODS_PODFILE_DIR_PATH}/Podfile.lock\" \"${PODS_ROOT}/Manifest.lock\" > /dev/null\nif [ $? != 0 ] ; then\n    # print error to STDERR\n    echo \"error: The sandbox is not in sync with the Podfile.lock. Run 'pod install' or update your CocoaPods installation.\" >&2\n    exit 1\nfi\n# This output is used by Xcode 'outputs' to avoid re-running this script phase.\necho \"SUCCESS\" > \"${SCRIPT_OUTPUT_FILE_0}\"\n";
			showEnvVarsInLog = 0;
		};
		E09ACFC876B052BEA770C3ED /* [CP] Check Pods Manifest.lock */ = {
			isa = PBXShellScriptBuildPhase;
			buildActionMask = 2147483647;
			files = (
			);
			inputFileListPaths = (
			);
			inputPaths = (
				"${PODS_PODFILE_DIR_PATH}/Podfile.lock",
				"${PODS_ROOT}/Manifest.lock",
			);
			name = "[CP] Check Pods Manifest.lock";
			outputFileListPaths = (
			);
			outputPaths = (
				"$(DERIVED_FILE_DIR)/Pods-Project_2Q_2019Tests-checkManifestLockResult.txt",
			);
			runOnlyForDeploymentPostprocessing = 0;
			shellPath = /bin/sh;
			shellScript = "diff \"${PODS_PODFILE_DIR_PATH}/Podfile.lock\" \"${PODS_ROOT}/Manifest.lock\" > /dev/null\nif [ $? != 0 ] ; then\n    # print error to STDERR\n    echo \"error: The sandbox is not in sync with the Podfile.lock. Run 'pod install' or update your CocoaPods installation.\" >&2\n    exit 1\nfi\n# This output is used by Xcode 'outputs' to avoid re-running this script phase.\necho \"SUCCESS\" > \"${SCRIPT_OUTPUT_FILE_0}\"\n";
			showEnvVarsInLog = 0;
		};
		E3F7865A991B03378BE6370B /* [CP] Embed Pods Frameworks */ = {
			isa = PBXShellScriptBuildPhase;
			buildActionMask = 2147483647;
			files = (
			);
			inputFileListPaths = (
				"${PODS_ROOT}/Target Support Files/Pods-Project_2Q_2019/Pods-Project_2Q_2019-frameworks-${CONFIGURATION}-input-files.xcfilelist",
			);
			name = "[CP] Embed Pods Frameworks";
			outputFileListPaths = (
				"${PODS_ROOT}/Target Support Files/Pods-Project_2Q_2019/Pods-Project_2Q_2019-frameworks-${CONFIGURATION}-output-files.xcfilelist",
			);
			runOnlyForDeploymentPostprocessing = 0;
			shellPath = /bin/sh;
			shellScript = "\"${PODS_ROOT}/Target Support Files/Pods-Project_2Q_2019/Pods-Project_2Q_2019-frameworks.sh\"\n";
			showEnvVarsInLog = 0;
		};
/* End PBXShellScriptBuildPhase section */

/* Begin PBXSourcesBuildPhase section */
		10A7E51F22EDC14000DF3D34 /* Sources */ = {
			isa = PBXSourcesBuildPhase;
			buildActionMask = 2147483647;
			files = (
				1073EC3A23DC18A7003BB2C5 /* ShadowView.swift in Sources */,
				10FE445C2532B7B9001D90BB /* MonthButton.swift in Sources */,
				1032FE5A2338C2A70039E9C0 /* OldLoginViewController.swift in Sources */,
				10128AB02403B59000C6F5B9 /* Extension+NSObject.swift in Sources */,
				1032FE6B2338E4440039E9C0 /* RoundView.swift in Sources */,
				10A7E5952312B83F00DF3D34 /* AppRootViewController.swift in Sources */,
				64F2119E2573697100B9669B /* EditBoughtGoodsViewController.swift in Sources */,
				100CF48223AE012000B3557D /* HistoryViewController.swift in Sources */,
				10EF3E6B25A03E050031948F /* LoginViewModel.swift in Sources */,
				1032FE682338E24A0039E9C0 /* HomeViewModel.swift in Sources */,
				6477C82524A09F6800BD2BD0 /* HistoryContentViewModel.swift in Sources */,
				1032FE722338ED910039E9C0 /* RoundButton.swift in Sources */,
				10A7E52722EDC14000DF3D34 /* AppDelegate.swift in Sources */,
				10188E1623C997B900F94681 /* AlertViewController.swift in Sources */,
				10B00E0723769DBD00864551 /* LogManager.swift in Sources */,
				1032FE642338E2340039E9C0 /* OldLoginViewModel.swift in Sources */,
				10128AB6240B78A400C6F5B9 /* Extension+UIView.swift in Sources */,
				1032FE572338C1050039E9C0 /* StoryboardInstantiable.swift in Sources */,
				64C4B9FC24A1FA0000B609A4 /* ProgressHUD.swift in Sources */,
				104106D9243071DF004E6D48 /* HomeCollectionViewModel.swift in Sources */,
				10A8FE0923A4B10C00F64F96 /* Extension+Date.swift in Sources */,
				6477C81D24A09BFD00BD2BD0 /* HistoryContentFooterView.swift in Sources */,
				1032FE602338DE530039E9C0 /* RegisterViewController.swift in Sources */,
				6440D06924A49E96000F461C /* HistoryContentGraphView.swift in Sources */,
				10A8FE1423A4B44100F64F96 /* MenuViewModel.swift in Sources */,
				10E472D324C03A5000BE71CC /* VerticalGraphCell.swift in Sources */,
				10C11911254E52E5002EB70D /* Extension+Double.swift in Sources */,
				1073EC3823DC00D6003BB2C5 /* AddGoodsViewModel.swift in Sources */,
				10519E5D249C96E800A41E60 /* GoodsCategory.swift in Sources */,
				103104702504BB2E00FCC42C /* YearButton.swift in Sources */,
				10E472D724C1891100BE71CC /* GraphMonthButton.swift in Sources */,
				100CF48423AE012800B3557D /* HistoryViewModel.swift in Sources */,
				10A7E59A2312B87400DF3D34 /* HomeViewController.swift in Sources */,
				10128AAE2403B55B00C6F5B9 /* Extension+UITableView.swift in Sources */,
				100CF47D23ADFF1400B3557D /* GraphViewModel.swift in Sources */,
				107A3866237FE5B400D276E9 /* DropDownManager.swift in Sources */,
				10A7C2F9237047F20050F6B8 /* FirebaseManager.swift in Sources */,
				108FFD86237FFFDA005B21CC /* Extension+UIColor.swift in Sources */,
				6466B75224AAC5560005E998 /* HistoryContentGraphViewModel.swift in Sources */,
				10BAC0382557AECB001B9A85 /* ClosableHistoryViewController.swift in Sources */,
				6477C81024A0894000BD2BD0 /* HistoryContentViewCell.swift in Sources */,
				1073EC3C23EE6E35003BB2C5 /* Goods.swift in Sources */,
				104106E72430975B004E6D48 /* HomeTableViewCell.swift in Sources */,
				10DFFDCB24A09224005611A8 /* EditGoodsViewController.swift in Sources */,
				1063530F23B740F7004A4BB4 /* RoundBorderButton.swift in Sources */,
				10EF3E6925A03DEC0031948F /* LoginViewController.swift in Sources */,
				10A8FE1223A4B43800F64F96 /* MenuViewController.swift in Sources */,
				1032FE662338E2410039E9C0 /* RegisterViewModel.swift in Sources */,
				100CF47B23ADFF0800B3557D /* GraphViewController.swift in Sources */,
				10CB468023922F8800380E06 /* HomeCollectionViewCell.swift in Sources */,
				104106D724306C6D004E6D48 /* Extension+UICollectionView.swift in Sources */,
				10B00E052376846E00864551 /* User.swift in Sources */,
				64F211A02573698800B9669B /* EditBoughtGoodsViewModel.swift in Sources */,
				104106D5242744A1004E6D48 /* Extension+String.swift in Sources */,
				108D9F862439AE030058EF41 /* HistoryCollectionViewModel.swift in Sources */,
				108D9F842439AD6A0058EF41 /* HistoryCollectionViewCell.swift in Sources */,
				107901CA24710B8600D28D4B /* AlertView.swift in Sources */,
				1073EC3623DC00CB003BB2C5 /* AddGoodsViewController.swift in Sources */,
				107A3864237FDC5600D276E9 /* ActivityIndicator.swift in Sources */,
				6477C81324A08CB100BD2BD0 /* HistoryContentCellViewModel.swift in Sources */,
				6477C81824A0928400BD2BD0 /* HistoryContentHeaderViewModel.swift in Sources */,
				6477C81624A0927500BD2BD0 /* HistoryContentHeaderView.swift in Sources */,
				10A00AA2237FBBCD00BA90EB /* SplashViewController.swift in Sources */,
				10DFFDCD24A09238005611A8 /* EditGoodsViewModel.swift in Sources */,
				6477C82124A09F0500BD2BD0 /* HistoryContentView.swift in Sources */,
			);
			runOnlyForDeploymentPostprocessing = 0;
		};
		10A7E53322EDC14100DF3D34 /* Sources */ = {
			isa = PBXSourcesBuildPhase;
			buildActionMask = 2147483647;
			files = (
				10B6CF4E2365B05B00314C98 /* LoginViewModelTests.swift in Sources */,
				10A7E53C22EDC14100DF3D34 /* Project_2Q_2019Tests.swift in Sources */,
				10A8FE0B23A4B12A00F64F96 /* Extension+DateTest.swift in Sources */,
			);
			runOnlyForDeploymentPostprocessing = 0;
		};
		10A7E53E22EDC14100DF3D34 /* Sources */ = {
			isa = PBXSourcesBuildPhase;
			buildActionMask = 2147483647;
			files = (
				10A7E54722EDC14100DF3D34 /* Project_2Q_2019UITests.swift in Sources */,
			);
			runOnlyForDeploymentPostprocessing = 0;
		};
/* End PBXSourcesBuildPhase section */

/* Begin PBXTargetDependency section */
		10A7E53922EDC14100DF3D34 /* PBXTargetDependency */ = {
			isa = PBXTargetDependency;
			target = 10A7E52222EDC14000DF3D34 /* Project_2Q_2019 */;
			targetProxy = 10A7E53822EDC14100DF3D34 /* PBXContainerItemProxy */;
		};
		10A7E54422EDC14100DF3D34 /* PBXTargetDependency */ = {
			isa = PBXTargetDependency;
			target = 10A7E52222EDC14000DF3D34 /* Project_2Q_2019 */;
			targetProxy = 10A7E54322EDC14100DF3D34 /* PBXContainerItemProxy */;
		};
/* End PBXTargetDependency section */

/* Begin PBXVariantGroup section */
		10A7E52F22EDC14100DF3D34 /* LaunchScreen.storyboard */ = {
			isa = PBXVariantGroup;
			children = (
				10A7E53022EDC14100DF3D34 /* Base */,
			);
			name = LaunchScreen.storyboard;
			sourceTree = "<group>";
		};
/* End PBXVariantGroup section */

/* Begin XCBuildConfiguration section */
		10A7E54922EDC14100DF3D34 /* Debug */ = {
			isa = XCBuildConfiguration;
			buildSettings = {
				ALWAYS_SEARCH_USER_PATHS = NO;
				CLANG_ANALYZER_NONNULL = YES;
				CLANG_ANALYZER_NUMBER_OBJECT_CONVERSION = YES_AGGRESSIVE;
				CLANG_CXX_LANGUAGE_STANDARD = "gnu++14";
				CLANG_CXX_LIBRARY = "libc++";
				CLANG_ENABLE_MODULES = YES;
				CLANG_ENABLE_OBJC_ARC = YES;
				CLANG_ENABLE_OBJC_WEAK = YES;
				CLANG_WARN_BLOCK_CAPTURE_AUTORELEASING = YES;
				CLANG_WARN_BOOL_CONVERSION = YES;
				CLANG_WARN_COMMA = YES;
				CLANG_WARN_CONSTANT_CONVERSION = YES;
				CLANG_WARN_DEPRECATED_OBJC_IMPLEMENTATIONS = YES;
				CLANG_WARN_DIRECT_OBJC_ISA_USAGE = YES_ERROR;
				CLANG_WARN_DOCUMENTATION_COMMENTS = YES;
				CLANG_WARN_EMPTY_BODY = YES;
				CLANG_WARN_ENUM_CONVERSION = YES;
				CLANG_WARN_INFINITE_RECURSION = YES;
				CLANG_WARN_INT_CONVERSION = YES;
				CLANG_WARN_NON_LITERAL_NULL_CONVERSION = YES;
				CLANG_WARN_OBJC_IMPLICIT_RETAIN_SELF = YES;
				CLANG_WARN_OBJC_LITERAL_CONVERSION = YES;
				CLANG_WARN_OBJC_ROOT_CLASS = YES_ERROR;
				CLANG_WARN_RANGE_LOOP_ANALYSIS = YES;
				CLANG_WARN_STRICT_PROTOTYPES = YES;
				CLANG_WARN_SUSPICIOUS_MOVE = YES;
				CLANG_WARN_UNGUARDED_AVAILABILITY = YES_AGGRESSIVE;
				CLANG_WARN_UNREACHABLE_CODE = YES;
				CLANG_WARN__DUPLICATE_METHOD_MATCH = YES;
				CODE_SIGN_IDENTITY = "iPhone Developer";
				COPY_PHASE_STRIP = NO;
				DEBUG_INFORMATION_FORMAT = dwarf;
				ENABLE_STRICT_OBJC_MSGSEND = YES;
				ENABLE_TESTABILITY = YES;
				GCC_C_LANGUAGE_STANDARD = gnu11;
				GCC_DYNAMIC_NO_PIC = NO;
				GCC_NO_COMMON_BLOCKS = YES;
				GCC_OPTIMIZATION_LEVEL = 0;
				GCC_PREPROCESSOR_DEFINITIONS = (
					"DEBUG=1",
					"$(inherited)",
				);
				GCC_WARN_64_TO_32_BIT_CONVERSION = YES;
				GCC_WARN_ABOUT_RETURN_TYPE = YES_ERROR;
				GCC_WARN_UNDECLARED_SELECTOR = YES;
				GCC_WARN_UNINITIALIZED_AUTOS = YES_AGGRESSIVE;
				GCC_WARN_UNUSED_FUNCTION = YES;
				GCC_WARN_UNUSED_VARIABLE = YES;
				IPHONEOS_DEPLOYMENT_TARGET = 12.2;
				MTL_ENABLE_DEBUG_INFO = INCLUDE_SOURCE;
				MTL_FAST_MATH = YES;
				ONLY_ACTIVE_ARCH = YES;
				SDKROOT = iphoneos;
				SWIFT_ACTIVE_COMPILATION_CONDITIONS = DEBUG;
				SWIFT_OPTIMIZATION_LEVEL = "-Onone";
			};
			name = Debug;
		};
		10A7E54A22EDC14100DF3D34 /* Release */ = {
			isa = XCBuildConfiguration;
			buildSettings = {
				ALWAYS_SEARCH_USER_PATHS = NO;
				CLANG_ANALYZER_NONNULL = YES;
				CLANG_ANALYZER_NUMBER_OBJECT_CONVERSION = YES_AGGRESSIVE;
				CLANG_CXX_LANGUAGE_STANDARD = "gnu++14";
				CLANG_CXX_LIBRARY = "libc++";
				CLANG_ENABLE_MODULES = YES;
				CLANG_ENABLE_OBJC_ARC = YES;
				CLANG_ENABLE_OBJC_WEAK = YES;
				CLANG_WARN_BLOCK_CAPTURE_AUTORELEASING = YES;
				CLANG_WARN_BOOL_CONVERSION = YES;
				CLANG_WARN_COMMA = YES;
				CLANG_WARN_CONSTANT_CONVERSION = YES;
				CLANG_WARN_DEPRECATED_OBJC_IMPLEMENTATIONS = YES;
				CLANG_WARN_DIRECT_OBJC_ISA_USAGE = YES_ERROR;
				CLANG_WARN_DOCUMENTATION_COMMENTS = YES;
				CLANG_WARN_EMPTY_BODY = YES;
				CLANG_WARN_ENUM_CONVERSION = YES;
				CLANG_WARN_INFINITE_RECURSION = YES;
				CLANG_WARN_INT_CONVERSION = YES;
				CLANG_WARN_NON_LITERAL_NULL_CONVERSION = YES;
				CLANG_WARN_OBJC_IMPLICIT_RETAIN_SELF = YES;
				CLANG_WARN_OBJC_LITERAL_CONVERSION = YES;
				CLANG_WARN_OBJC_ROOT_CLASS = YES_ERROR;
				CLANG_WARN_RANGE_LOOP_ANALYSIS = YES;
				CLANG_WARN_STRICT_PROTOTYPES = YES;
				CLANG_WARN_SUSPICIOUS_MOVE = YES;
				CLANG_WARN_UNGUARDED_AVAILABILITY = YES_AGGRESSIVE;
				CLANG_WARN_UNREACHABLE_CODE = YES;
				CLANG_WARN__DUPLICATE_METHOD_MATCH = YES;
				CODE_SIGN_IDENTITY = "iPhone Developer";
				COPY_PHASE_STRIP = NO;
				DEBUG_INFORMATION_FORMAT = "dwarf-with-dsym";
				ENABLE_NS_ASSERTIONS = NO;
				ENABLE_STRICT_OBJC_MSGSEND = YES;
				GCC_C_LANGUAGE_STANDARD = gnu11;
				GCC_NO_COMMON_BLOCKS = YES;
				GCC_WARN_64_TO_32_BIT_CONVERSION = YES;
				GCC_WARN_ABOUT_RETURN_TYPE = YES_ERROR;
				GCC_WARN_UNDECLARED_SELECTOR = YES;
				GCC_WARN_UNINITIALIZED_AUTOS = YES_AGGRESSIVE;
				GCC_WARN_UNUSED_FUNCTION = YES;
				GCC_WARN_UNUSED_VARIABLE = YES;
				IPHONEOS_DEPLOYMENT_TARGET = 12.2;
				MTL_ENABLE_DEBUG_INFO = NO;
				MTL_FAST_MATH = YES;
				SDKROOT = iphoneos;
				SWIFT_COMPILATION_MODE = wholemodule;
				SWIFT_OPTIMIZATION_LEVEL = "-O";
				VALIDATE_PRODUCT = YES;
			};
			name = Release;
		};
		10A7E54C22EDC14100DF3D34 /* Debug */ = {
			isa = XCBuildConfiguration;
			baseConfigurationReference = 63298C60E1C21A50B02057F2 /* Pods-Project_2Q_2019.debug.xcconfig */;
			buildSettings = {
				ASSETCATALOG_COMPILER_APPICON_NAME = AppIcon;
				CODE_SIGN_ENTITLEMENTS = Project_2Q_2019/Project_2Q_2019Debug.entitlements;
				CODE_SIGN_IDENTITY = "Apple Development";
				CODE_SIGN_STYLE = Automatic;
				DEVELOPMENT_TEAM = 9WKN3P3PYL;
				INFOPLIST_FILE = Project_2Q_2019/Info.plist;
				IPHONEOS_DEPLOYMENT_TARGET = 13.0;
				LD_RUNPATH_SEARCH_PATHS = (
					"$(inherited)",
					"@executable_path/Frameworks",
				);
				PRODUCT_BUNDLE_IDENTIFIER = "j.kwon.Project-2Q-2019-dev";
				PRODUCT_NAME = "$(TARGET_NAME)";
				PROVISIONING_PROFILE_SPECIFIER = "";
				SWIFT_VERSION = 5.0;
				TARGETED_DEVICE_FAMILY = "1,2";
			};
			name = Debug;
		};
		10A7E54D22EDC14100DF3D34 /* Release */ = {
			isa = XCBuildConfiguration;
			baseConfigurationReference = C992C0A258A303CDF11D7171 /* Pods-Project_2Q_2019.release.xcconfig */;
			buildSettings = {
				ASSETCATALOG_COMPILER_APPICON_NAME = AppIcon;
				CODE_SIGN_IDENTITY = "Apple Development";
				CODE_SIGN_STYLE = Automatic;
				DEVELOPMENT_TEAM = 9WKN3P3PYL;
				INFOPLIST_FILE = Project_2Q_2019/Info.plist;
				IPHONEOS_DEPLOYMENT_TARGET = 13.0;
				LD_RUNPATH_SEARCH_PATHS = (
					"$(inherited)",
					"@executable_path/Frameworks",
				);
				PRODUCT_BUNDLE_IDENTIFIER = "j.kwon.Project-2Q-2019";
				PRODUCT_NAME = "$(TARGET_NAME)";
				PROVISIONING_PROFILE_SPECIFIER = "";
				SWIFT_VERSION = 5.0;
				TARGETED_DEVICE_FAMILY = "1,2";
			};
			name = Release;
		};
		10A7E54F22EDC14100DF3D34 /* Debug */ = {
			isa = XCBuildConfiguration;
			baseConfigurationReference = 6044ADC4EDFDADB003FD5279 /* Pods-Project_2Q_2019Tests.debug.xcconfig */;
			buildSettings = {
				ALWAYS_EMBED_SWIFT_STANDARD_LIBRARIES = YES;
				BUNDLE_LOADER = "$(TEST_HOST)";
				CODE_SIGN_STYLE = Automatic;
				DEVELOPMENT_TEAM = D65C9K34GM;
				INFOPLIST_FILE = Project_2Q_2019Tests/Info.plist;
				LD_RUNPATH_SEARCH_PATHS = (
					"$(inherited)",
					"@executable_path/Frameworks",
					"@loader_path/Frameworks",
				);
				PRODUCT_BUNDLE_IDENTIFIER = "j.kwon.Project-2Q-2019Tests";
				PRODUCT_NAME = "$(TARGET_NAME)";
				SWIFT_VERSION = 5.0;
				TARGETED_DEVICE_FAMILY = "1,2";
				TEST_HOST = "$(BUILT_PRODUCTS_DIR)/Project_2Q_2019.app/Project_2Q_2019";
			};
			name = Debug;
		};
		10A7E55022EDC14100DF3D34 /* Release */ = {
			isa = XCBuildConfiguration;
			baseConfigurationReference = CECB5D85303E0522B8E01512 /* Pods-Project_2Q_2019Tests.release.xcconfig */;
			buildSettings = {
				ALWAYS_EMBED_SWIFT_STANDARD_LIBRARIES = YES;
				BUNDLE_LOADER = "$(TEST_HOST)";
				CODE_SIGN_STYLE = Automatic;
				DEVELOPMENT_TEAM = D65C9K34GM;
				INFOPLIST_FILE = Project_2Q_2019Tests/Info.plist;
				LD_RUNPATH_SEARCH_PATHS = (
					"$(inherited)",
					"@executable_path/Frameworks",
					"@loader_path/Frameworks",
				);
				PRODUCT_BUNDLE_IDENTIFIER = "j.kwon.Project-2Q-2019Tests";
				PRODUCT_NAME = "$(TARGET_NAME)";
				SWIFT_VERSION = 5.0;
				TARGETED_DEVICE_FAMILY = "1,2";
				TEST_HOST = "$(BUILT_PRODUCTS_DIR)/Project_2Q_2019.app/Project_2Q_2019";
			};
			name = Release;
		};
		10A7E55222EDC14100DF3D34 /* Debug */ = {
			isa = XCBuildConfiguration;
			baseConfigurationReference = 1CD2A4C0F6B6D48B5FC49979 /* Pods-Project_2Q_2019UITests.debug.xcconfig */;
			buildSettings = {
				ALWAYS_EMBED_SWIFT_STANDARD_LIBRARIES = YES;
				CODE_SIGN_STYLE = Automatic;
				DEVELOPMENT_TEAM = D65C9K34GM;
				INFOPLIST_FILE = Project_2Q_2019UITests/Info.plist;
				LD_RUNPATH_SEARCH_PATHS = (
					"$(inherited)",
					"@executable_path/Frameworks",
					"@loader_path/Frameworks",
				);
				PRODUCT_BUNDLE_IDENTIFIER = "j.kwon.Project-2Q-2019UITests";
				PRODUCT_NAME = "$(TARGET_NAME)";
				SWIFT_VERSION = 5.0;
				TARGETED_DEVICE_FAMILY = "1,2";
				TEST_TARGET_NAME = Project_2Q_2019;
			};
			name = Debug;
		};
		10A7E55322EDC14100DF3D34 /* Release */ = {
			isa = XCBuildConfiguration;
			baseConfigurationReference = E1BF6ABDCD5D650FDE1DC48F /* Pods-Project_2Q_2019UITests.release.xcconfig */;
			buildSettings = {
				ALWAYS_EMBED_SWIFT_STANDARD_LIBRARIES = YES;
				CODE_SIGN_STYLE = Automatic;
				DEVELOPMENT_TEAM = D65C9K34GM;
				INFOPLIST_FILE = Project_2Q_2019UITests/Info.plist;
				LD_RUNPATH_SEARCH_PATHS = (
					"$(inherited)",
					"@executable_path/Frameworks",
					"@loader_path/Frameworks",
				);
				PRODUCT_BUNDLE_IDENTIFIER = "j.kwon.Project-2Q-2019UITests";
				PRODUCT_NAME = "$(TARGET_NAME)";
				SWIFT_VERSION = 5.0;
				TARGETED_DEVICE_FAMILY = "1,2";
				TEST_TARGET_NAME = Project_2Q_2019;
			};
			name = Release;
		};
/* End XCBuildConfiguration section */

/* Begin XCConfigurationList section */
		10A7E51E22EDC14000DF3D34 /* Build configuration list for PBXProject "Project_2Q_2019" */ = {
			isa = XCConfigurationList;
			buildConfigurations = (
				10A7E54922EDC14100DF3D34 /* Debug */,
				10A7E54A22EDC14100DF3D34 /* Release */,
			);
			defaultConfigurationIsVisible = 0;
			defaultConfigurationName = Release;
		};
		10A7E54B22EDC14100DF3D34 /* Build configuration list for PBXNativeTarget "Project_2Q_2019" */ = {
			isa = XCConfigurationList;
			buildConfigurations = (
				10A7E54C22EDC14100DF3D34 /* Debug */,
				10A7E54D22EDC14100DF3D34 /* Release */,
			);
			defaultConfigurationIsVisible = 0;
			defaultConfigurationName = Release;
		};
		10A7E54E22EDC14100DF3D34 /* Build configuration list for PBXNativeTarget "Project_2Q_2019Tests" */ = {
			isa = XCConfigurationList;
			buildConfigurations = (
				10A7E54F22EDC14100DF3D34 /* Debug */,
				10A7E55022EDC14100DF3D34 /* Release */,
			);
			defaultConfigurationIsVisible = 0;
			defaultConfigurationName = Release;
		};
		10A7E55122EDC14100DF3D34 /* Build configuration list for PBXNativeTarget "Project_2Q_2019UITests" */ = {
			isa = XCConfigurationList;
			buildConfigurations = (
				10A7E55222EDC14100DF3D34 /* Debug */,
				10A7E55322EDC14100DF3D34 /* Release */,
			);
			defaultConfigurationIsVisible = 0;
			defaultConfigurationName = Release;
		};
/* End XCConfigurationList section */

/* Begin XCRemoteSwiftPackageReference section */
		6440D06424A49283000F461C /* XCRemoteSwiftPackageReference "Charts" */ = {
			isa = XCRemoteSwiftPackageReference;
			repositoryURL = "https://github.com/danielgindi/Charts.git";
			requirement = {
				kind = upToNextMajorVersion;
				minimumVersion = 3.5.0;
			};
		};
/* End XCRemoteSwiftPackageReference section */

/* Begin XCSwiftPackageProductDependency section */
		6440D06524A49283000F461C /* Charts */ = {
			isa = XCSwiftPackageProductDependency;
			package = 6440D06424A49283000F461C /* XCRemoteSwiftPackageReference "Charts" */;
			productName = Charts;
		};
/* End XCSwiftPackageProductDependency section */
	};
	rootObject = 10A7E51B22EDC14000DF3D34 /* Project object */;
}
