// !$*UTF8*$!
{
	archiveVersion = 1;
	classes = {
	};
	objectVersion = 50;
	objects = {

/* Begin PBXBuildFile section */
		10A7E4EA22EDBCB100DF3D34 /* AppDelegate.swift in Sources */ = {isa = PBXBuildFile; fileRef = 10A7E4E922EDBCB100DF3D34 /* AppDelegate.swift */; };
		10A7E4EC22EDBCB100DF3D34 /* ViewController.swift in Sources */ = {isa = PBXBuildFile; fileRef = 10A7E4EB22EDBCB100DF3D34 /* ViewController.swift */; };
		10A7E4EF22EDBCB100DF3D34 /* Main.storyboard in Resources */ = {isa = PBXBuildFile; fileRef = 10A7E4ED22EDBCB100DF3D34 /* Main.storyboard */; };
		10A7E4F122EDBCB200DF3D34 /* Assets.xcassets in Resources */ = {isa = PBXBuildFile; fileRef = 10A7E4F022EDBCB200DF3D34 /* Assets.xcassets */; };
		10A7E4F422EDBCB200DF3D34 /* LaunchScreen.storyboard in Resources */ = {isa = PBXBuildFile; fileRef = 10A7E4F222EDBCB200DF3D34 /* LaunchScreen.storyboard */; };
		10A7E4FF22EDBCB200DF3D34 /* _019_2Q_ProjectTests.swift in Sources */ = {isa = PBXBuildFile; fileRef = 10A7E4FE22EDBCB200DF3D34 /* _019_2Q_ProjectTests.swift */; };
		10A7E50A22EDBCB200DF3D34 /* _019_2Q_ProjectUITests.swift in Sources */ = {isa = PBXBuildFile; fileRef = 10A7E50922EDBCB200DF3D34 /* _019_2Q_ProjectUITests.swift */; };
/* End PBXBuildFile section */

/* Begin PBXContainerItemProxy section */
		10A7E4FB22EDBCB200DF3D34 /* PBXContainerItemProxy */ = {
			isa = PBXContainerItemProxy;
			containerPortal = 10A7E4DE22EDBCB100DF3D34 /* Project object */;
			proxyType = 1;
			remoteGlobalIDString = 10A7E4E522EDBCB100DF3D34;
			remoteInfo = 2019_2Q_Project;
		};
		10A7E50622EDBCB200DF3D34 /* PBXContainerItemProxy */ = {
			isa = PBXContainerItemProxy;
			containerPortal = 10A7E4DE22EDBCB100DF3D34 /* Project object */;
			proxyType = 1;
			remoteGlobalIDString = 10A7E4E522EDBCB100DF3D34;
			remoteInfo = 2019_2Q_Project;
		};
/* End PBXContainerItemProxy section */

/* Begin PBXFileReference section */
		10A7E4E622EDBCB100DF3D34 /* 2019_2Q_Project.app */ = {isa = PBXFileReference; explicitFileType = wrapper.application; includeInIndex = 0; path = 2019_2Q_Project.app; sourceTree = BUILT_PRODUCTS_DIR; };
		10A7E4E922EDBCB100DF3D34 /* AppDelegate.swift */ = {isa = PBXFileReference; lastKnownFileType = sourcecode.swift; path = AppDelegate.swift; sourceTree = "<group>"; };
		10A7E4EB22EDBCB100DF3D34 /* ViewController.swift */ = {isa = PBXFileReference; lastKnownFileType = sourcecode.swift; path = ViewController.swift; sourceTree = "<group>"; };
		10A7E4EE22EDBCB100DF3D34 /* Base */ = {isa = PBXFileReference; lastKnownFileType = file.storyboard; name = Base; path = Base.lproj/Main.storyboard; sourceTree = "<group>"; };
		10A7E4F022EDBCB200DF3D34 /* Assets.xcassets */ = {isa = PBXFileReference; lastKnownFileType = folder.assetcatalog; path = Assets.xcassets; sourceTree = "<group>"; };
		10A7E4F322EDBCB200DF3D34 /* Base */ = {isa = PBXFileReference; lastKnownFileType = file.storyboard; name = Base; path = Base.lproj/LaunchScreen.storyboard; sourceTree = "<group>"; };
		10A7E4F522EDBCB200DF3D34 /* Info.plist */ = {isa = PBXFileReference; lastKnownFileType = text.plist.xml; path = Info.plist; sourceTree = "<group>"; };
		10A7E4FA22EDBCB200DF3D34 /* 2019_2Q_ProjectTests.xctest */ = {isa = PBXFileReference; explicitFileType = wrapper.cfbundle; includeInIndex = 0; path = 2019_2Q_ProjectTests.xctest; sourceTree = BUILT_PRODUCTS_DIR; };
		10A7E4FE22EDBCB200DF3D34 /* _019_2Q_ProjectTests.swift */ = {isa = PBXFileReference; lastKnownFileType = sourcecode.swift; path = _019_2Q_ProjectTests.swift; sourceTree = "<group>"; };
		10A7E50022EDBCB200DF3D34 /* Info.plist */ = {isa = PBXFileReference; lastKnownFileType = text.plist.xml; path = Info.plist; sourceTree = "<group>"; };
		10A7E50522EDBCB200DF3D34 /* 2019_2Q_ProjectUITests.xctest */ = {isa = PBXFileReference; explicitFileType = wrapper.cfbundle; includeInIndex = 0; path = 2019_2Q_ProjectUITests.xctest; sourceTree = BUILT_PRODUCTS_DIR; };
		10A7E50922EDBCB200DF3D34 /* _019_2Q_ProjectUITests.swift */ = {isa = PBXFileReference; lastKnownFileType = sourcecode.swift; path = _019_2Q_ProjectUITests.swift; sourceTree = "<group>"; };
		10A7E50B22EDBCB200DF3D34 /* Info.plist */ = {isa = PBXFileReference; lastKnownFileType = text.plist.xml; path = Info.plist; sourceTree = "<group>"; };
/* End PBXFileReference section */

/* Begin PBXFrameworksBuildPhase section */
		10A7E4E322EDBCB100DF3D34 /* Frameworks */ = {
			isa = PBXFrameworksBuildPhase;
			buildActionMask = 2147483647;
			files = (
			);
			runOnlyForDeploymentPostprocessing = 0;
		};
		10A7E4F722EDBCB200DF3D34 /* Frameworks */ = {
			isa = PBXFrameworksBuildPhase;
			buildActionMask = 2147483647;
			files = (
			);
			runOnlyForDeploymentPostprocessing = 0;
		};
		10A7E50222EDBCB200DF3D34 /* Frameworks */ = {
			isa = PBXFrameworksBuildPhase;
			buildActionMask = 2147483647;
			files = (
			);
			runOnlyForDeploymentPostprocessing = 0;
		};
/* End PBXFrameworksBuildPhase section */

/* Begin PBXGroup section */
		10A7E4DD22EDBCB100DF3D34 = {
			isa = PBXGroup;
			children = (
				10A7E4E822EDBCB100DF3D34 /* 2019_2Q_Project */,
				10A7E4FD22EDBCB200DF3D34 /* 2019_2Q_ProjectTests */,
				10A7E50822EDBCB200DF3D34 /* 2019_2Q_ProjectUITests */,
				10A7E4E722EDBCB100DF3D34 /* Products */,
			);
			sourceTree = "<group>";
		};
		10A7E4E722EDBCB100DF3D34 /* Products */ = {
			isa = PBXGroup;
			children = (
				10A7E4E622EDBCB100DF3D34 /* 2019_2Q_Project.app */,
				10A7E4FA22EDBCB200DF3D34 /* 2019_2Q_ProjectTests.xctest */,
				10A7E50522EDBCB200DF3D34 /* 2019_2Q_ProjectUITests.xctest */,
			);
			name = Products;
			sourceTree = "<group>";
		};
		10A7E4E822EDBCB100DF3D34 /* 2019_2Q_Project */ = {
			isa = PBXGroup;
			children = (
				10A7E4E922EDBCB100DF3D34 /* AppDelegate.swift */,
				10A7E4EB22EDBCB100DF3D34 /* ViewController.swift */,
				10A7E4ED22EDBCB100DF3D34 /* Main.storyboard */,
				10A7E4F022EDBCB200DF3D34 /* Assets.xcassets */,
				10A7E4F222EDBCB200DF3D34 /* LaunchScreen.storyboard */,
				10A7E4F522EDBCB200DF3D34 /* Info.plist */,
			);
			path = 2019_2Q_Project;
			sourceTree = "<group>";
		};
		10A7E4FD22EDBCB200DF3D34 /* 2019_2Q_ProjectTests */ = {
			isa = PBXGroup;
			children = (
				10A7E4FE22EDBCB200DF3D34 /* _019_2Q_ProjectTests.swift */,
				10A7E50022EDBCB200DF3D34 /* Info.plist */,
			);
			path = 2019_2Q_ProjectTests;
			sourceTree = "<group>";
		};
		10A7E50822EDBCB200DF3D34 /* 2019_2Q_ProjectUITests */ = {
			isa = PBXGroup;
			children = (
				10A7E50922EDBCB200DF3D34 /* _019_2Q_ProjectUITests.swift */,
				10A7E50B22EDBCB200DF3D34 /* Info.plist */,
			);
			path = 2019_2Q_ProjectUITests;
			sourceTree = "<group>";
		};
/* End PBXGroup section */

/* Begin PBXNativeTarget section */
		10A7E4E522EDBCB100DF3D34 /* 2019_2Q_Project */ = {
			isa = PBXNativeTarget;
			buildConfigurationList = 10A7E50E22EDBCB300DF3D34 /* Build configuration list for PBXNativeTarget "2019_2Q_Project" */;
			buildPhases = (
				10A7E4E222EDBCB100DF3D34 /* Sources */,
				10A7E4E322EDBCB100DF3D34 /* Frameworks */,
				10A7E4E422EDBCB100DF3D34 /* Resources */,
			);
			buildRules = (
			);
			dependencies = (
			);
			name = 2019_2Q_Project;
			productName = 2019_2Q_Project;
			productReference = 10A7E4E622EDBCB100DF3D34 /* 2019_2Q_Project.app */;
			productType = "com.apple.product-type.application";
		};
		10A7E4F922EDBCB200DF3D34 /* 2019_2Q_ProjectTests */ = {
			isa = PBXNativeTarget;
			buildConfigurationList = 10A7E51122EDBCB300DF3D34 /* Build configuration list for PBXNativeTarget "2019_2Q_ProjectTests" */;
			buildPhases = (
				10A7E4F622EDBCB200DF3D34 /* Sources */,
				10A7E4F722EDBCB200DF3D34 /* Frameworks */,
				10A7E4F822EDBCB200DF3D34 /* Resources */,
			);
			buildRules = (
			);
			dependencies = (
				10A7E4FC22EDBCB200DF3D34 /* PBXTargetDependency */,
			);
			name = 2019_2Q_ProjectTests;
			productName = 2019_2Q_ProjectTests;
			productReference = 10A7E4FA22EDBCB200DF3D34 /* 2019_2Q_ProjectTests.xctest */;
			productType = "com.apple.product-type.bundle.unit-test";
		};
		10A7E50422EDBCB200DF3D34 /* 2019_2Q_ProjectUITests */ = {
			isa = PBXNativeTarget;
			buildConfigurationList = 10A7E51422EDBCB300DF3D34 /* Build configuration list for PBXNativeTarget "2019_2Q_ProjectUITests" */;
			buildPhases = (
				10A7E50122EDBCB200DF3D34 /* Sources */,
				10A7E50222EDBCB200DF3D34 /* Frameworks */,
				10A7E50322EDBCB200DF3D34 /* Resources */,
			);
			buildRules = (
			);
			dependencies = (
				10A7E50722EDBCB200DF3D34 /* PBXTargetDependency */,
			);
			name = 2019_2Q_ProjectUITests;
			productName = 2019_2Q_ProjectUITests;
			productReference = 10A7E50522EDBCB200DF3D34 /* 2019_2Q_ProjectUITests.xctest */;
			productType = "com.apple.product-type.bundle.ui-testing";
		};
/* End PBXNativeTarget section */

/* Begin PBXProject section */
		10A7E4DE22EDBCB100DF3D34 /* Project object */ = {
			isa = PBXProject;
			attributes = {
				LastSwiftUpdateCheck = 1020;
				LastUpgradeCheck = 1020;
				ORGANIZATIONNAME = "JUNHYEOK KWON";
				TargetAttributes = {
					10A7E4E522EDBCB100DF3D34 = {
						CreatedOnToolsVersion = 10.2.1;
					};
					10A7E4F922EDBCB200DF3D34 = {
						CreatedOnToolsVersion = 10.2.1;
						TestTargetID = 10A7E4E522EDBCB100DF3D34;
					};
					10A7E50422EDBCB200DF3D34 = {
						CreatedOnToolsVersion = 10.2.1;
						TestTargetID = 10A7E4E522EDBCB100DF3D34;
					};
				};
			};
			buildConfigurationList = 10A7E4E122EDBCB100DF3D34 /* Build configuration list for PBXProject "2019_2Q_Project" */;
			compatibilityVersion = "Xcode 9.3";
			developmentRegion = en;
			hasScannedForEncodings = 0;
			knownRegions = (
				en,
				Base,
			);
			mainGroup = 10A7E4DD22EDBCB100DF3D34;
			productRefGroup = 10A7E4E722EDBCB100DF3D34 /* Products */;
			projectDirPath = "";
			projectRoot = "";
			targets = (
				10A7E4E522EDBCB100DF3D34 /* 2019_2Q_Project */,
				10A7E4F922EDBCB200DF3D34 /* 2019_2Q_ProjectTests */,
				10A7E50422EDBCB200DF3D34 /* 2019_2Q_ProjectUITests */,
			);
		};
/* End PBXProject section */

/* Begin PBXResourcesBuildPhase section */
		10A7E4E422EDBCB100DF3D34 /* Resources */ = {
			isa = PBXResourcesBuildPhase;
			buildActionMask = 2147483647;
			files = (
				10A7E4F422EDBCB200DF3D34 /* LaunchScreen.storyboard in Resources */,
				10A7E4F122EDBCB200DF3D34 /* Assets.xcassets in Resources */,
				10A7E4EF22EDBCB100DF3D34 /* Main.storyboard in Resources */,
			);
			runOnlyForDeploymentPostprocessing = 0;
		};
		10A7E4F822EDBCB200DF3D34 /* Resources */ = {
			isa = PBXResourcesBuildPhase;
			buildActionMask = 2147483647;
			files = (
			);
			runOnlyForDeploymentPostprocessing = 0;
		};
		10A7E50322EDBCB200DF3D34 /* Resources */ = {
			isa = PBXResourcesBuildPhase;
			buildActionMask = 2147483647;
			files = (
			);
			runOnlyForDeploymentPostprocessing = 0;
		};
/* End PBXResourcesBuildPhase section */

/* Begin PBXSourcesBuildPhase section */
		10A7E4E222EDBCB100DF3D34 /* Sources */ = {
			isa = PBXSourcesBuildPhase;
			buildActionMask = 2147483647;
			files = (
				10A7E4EC22EDBCB100DF3D34 /* ViewController.swift in Sources */,
				10A7E4EA22EDBCB100DF3D34 /* AppDelegate.swift in Sources */,
			);
			runOnlyForDeploymentPostprocessing = 0;
		};
		10A7E4F622EDBCB200DF3D34 /* Sources */ = {
			isa = PBXSourcesBuildPhase;
			buildActionMask = 2147483647;
			files = (
				10A7E4FF22EDBCB200DF3D34 /* _019_2Q_ProjectTests.swift in Sources */,
			);
			runOnlyForDeploymentPostprocessing = 0;
		};
		10A7E50122EDBCB200DF3D34 /* Sources */ = {
			isa = PBXSourcesBuildPhase;
			buildActionMask = 2147483647;
			files = (
				10A7E50A22EDBCB200DF3D34 /* _019_2Q_ProjectUITests.swift in Sources */,
			);
			runOnlyForDeploymentPostprocessing = 0;
		};
/* End PBXSourcesBuildPhase section */

/* Begin PBXTargetDependency section */
		10A7E4FC22EDBCB200DF3D34 /* PBXTargetDependency */ = {
			isa = PBXTargetDependency;
			target = 10A7E4E522EDBCB100DF3D34 /* 2019_2Q_Project */;
			targetProxy = 10A7E4FB22EDBCB200DF3D34 /* PBXContainerItemProxy */;
		};
		10A7E50722EDBCB200DF3D34 /* PBXTargetDependency */ = {
			isa = PBXTargetDependency;
			target = 10A7E4E522EDBCB100DF3D34 /* 2019_2Q_Project */;
			targetProxy = 10A7E50622EDBCB200DF3D34 /* PBXContainerItemProxy */;
		};
/* End PBXTargetDependency section */

/* Begin PBXVariantGroup section */
		10A7E4ED22EDBCB100DF3D34 /* Main.storyboard */ = {
			isa = PBXVariantGroup;
			children = (
				10A7E4EE22EDBCB100DF3D34 /* Base */,
			);
			name = Main.storyboard;
			sourceTree = "<group>";
		};
		10A7E4F222EDBCB200DF3D34 /* LaunchScreen.storyboard */ = {
			isa = PBXVariantGroup;
			children = (
				10A7E4F322EDBCB200DF3D34 /* Base */,
			);
			name = LaunchScreen.storyboard;
			sourceTree = "<group>";
		};
/* End PBXVariantGroup section */

/* Begin XCBuildConfiguration section */
		10A7E50C22EDBCB300DF3D34 /* Debug */ = {
			isa = XCBuildConfiguration;
			buildSettings = {
				ALWAYS_SEARCH_USER_PATHS = NO;
				CLANG_ANALYZER_NONNULL = YES;
				CLANG_ANALYZER_NUMBER_OBJECT_CONVERSION = YES_AGGRESSIVE;
				CLANG_CXX_LANGUAGE_STANDARD = "gnu++14";
				CLANG_CXX_LIBRARY = "libc++";
				CLANG_ENABLE_MODULES = YES;
				CLANG_ENABLE_OBJC_ARC = YES;
				CLANG_ENABLE_OBJC_WEAK = YES;
				CLANG_WARN_BLOCK_CAPTURE_AUTORELEASING = YES;
				CLANG_WARN_BOOL_CONVERSION = YES;
				CLANG_WARN_COMMA = YES;
				CLANG_WARN_CONSTANT_CONVERSION = YES;
				CLANG_WARN_DEPRECATED_OBJC_IMPLEMENTATIONS = YES;
				CLANG_WARN_DIRECT_OBJC_ISA_USAGE = YES_ERROR;
				CLANG_WARN_DOCUMENTATION_COMMENTS = YES;
				CLANG_WARN_EMPTY_BODY = YES;
				CLANG_WARN_ENUM_CONVERSION = YES;
				CLANG_WARN_INFINITE_RECURSION = YES;
				CLANG_WARN_INT_CONVERSION = YES;
				CLANG_WARN_NON_LITERAL_NULL_CONVERSION = YES;
				CLANG_WARN_OBJC_IMPLICIT_RETAIN_SELF = YES;
				CLANG_WARN_OBJC_LITERAL_CONVERSION = YES;
				CLANG_WARN_OBJC_ROOT_CLASS = YES_ERROR;
				CLANG_WARN_RANGE_LOOP_ANALYSIS = YES;
				CLANG_WARN_STRICT_PROTOTYPES = YES;
				CLANG_WARN_SUSPICIOUS_MOVE = YES;
				CLANG_WARN_UNGUARDED_AVAILABILITY = YES_AGGRESSIVE;
				CLANG_WARN_UNREACHABLE_CODE = YES;
				CLANG_WARN__DUPLICATE_METHOD_MATCH = YES;
				CODE_SIGN_IDENTITY = "iPhone Developer";
				COPY_PHASE_STRIP = NO;
				DEBUG_INFORMATION_FORMAT = dwarf;
				ENABLE_STRICT_OBJC_MSGSEND = YES;
				ENABLE_TESTABILITY = YES;
				GCC_C_LANGUAGE_STANDARD = gnu11;
				GCC_DYNAMIC_NO_PIC = NO;
				GCC_NO_COMMON_BLOCKS = YES;
				GCC_OPTIMIZATION_LEVEL = 0;
				GCC_PREPROCESSOR_DEFINITIONS = (
					"DEBUG=1",
					"$(inherited)",
				);
				GCC_WARN_64_TO_32_BIT_CONVERSION = YES;
				GCC_WARN_ABOUT_RETURN_TYPE = YES_ERROR;
				GCC_WARN_UNDECLARED_SELECTOR = YES;
				GCC_WARN_UNINITIALIZED_AUTOS = YES_AGGRESSIVE;
				GCC_WARN_UNUSED_FUNCTION = YES;
				GCC_WARN_UNUSED_VARIABLE = YES;
				IPHONEOS_DEPLOYMENT_TARGET = 12.2;
				MTL_ENABLE_DEBUG_INFO = INCLUDE_SOURCE;
				MTL_FAST_MATH = YES;
				ONLY_ACTIVE_ARCH = YES;
				SDKROOT = iphoneos;
				SWIFT_ACTIVE_COMPILATION_CONDITIONS = DEBUG;
				SWIFT_OPTIMIZATION_LEVEL = "-Onone";
			};
			name = Debug;
		};
		10A7E50D22EDBCB300DF3D34 /* Release */ = {
			isa = XCBuildConfiguration;
			buildSettings = {
				ALWAYS_SEARCH_USER_PATHS = NO;
				CLANG_ANALYZER_NONNULL = YES;
				CLANG_ANALYZER_NUMBER_OBJECT_CONVERSION = YES_AGGRESSIVE;
				CLANG_CXX_LANGUAGE_STANDARD = "gnu++14";
				CLANG_CXX_LIBRARY = "libc++";
				CLANG_ENABLE_MODULES = YES;
				CLANG_ENABLE_OBJC_ARC = YES;
				CLANG_ENABLE_OBJC_WEAK = YES;
				CLANG_WARN_BLOCK_CAPTURE_AUTORELEASING = YES;
				CLANG_WARN_BOOL_CONVERSION = YES;
				CLANG_WARN_COMMA = YES;
				CLANG_WARN_CONSTANT_CONVERSION = YES;
				CLANG_WARN_DEPRECATED_OBJC_IMPLEMENTATIONS = YES;
				CLANG_WARN_DIRECT_OBJC_ISA_USAGE = YES_ERROR;
				CLANG_WARN_DOCUMENTATION_COMMENTS = YES;
				CLANG_WARN_EMPTY_BODY = YES;
				CLANG_WARN_ENUM_CONVERSION = YES;
				CLANG_WARN_INFINITE_RECURSION = YES;
				CLANG_WARN_INT_CONVERSION = YES;
				CLANG_WARN_NON_LITERAL_NULL_CONVERSION = YES;
				CLANG_WARN_OBJC_IMPLICIT_RETAIN_SELF = YES;
				CLANG_WARN_OBJC_LITERAL_CONVERSION = YES;
				CLANG_WARN_OBJC_ROOT_CLASS = YES_ERROR;
				CLANG_WARN_RANGE_LOOP_ANALYSIS = YES;
				CLANG_WARN_STRICT_PROTOTYPES = YES;
				CLANG_WARN_SUSPICIOUS_MOVE = YES;
				CLANG_WARN_UNGUARDED_AVAILABILITY = YES_AGGRESSIVE;
				CLANG_WARN_UNREACHABLE_CODE = YES;
				CLANG_WARN__DUPLICATE_METHOD_MATCH = YES;
				CODE_SIGN_IDENTITY = "iPhone Developer";
				COPY_PHASE_STRIP = NO;
				DEBUG_INFORMATION_FORMAT = "dwarf-with-dsym";
				ENABLE_NS_ASSERTIONS = NO;
				ENABLE_STRICT_OBJC_MSGSEND = YES;
				GCC_C_LANGUAGE_STANDARD = gnu11;
				GCC_NO_COMMON_BLOCKS = YES;
				GCC_WARN_64_TO_32_BIT_CONVERSION = YES;
				GCC_WARN_ABOUT_RETURN_TYPE = YES_ERROR;
				GCC_WARN_UNDECLARED_SELECTOR = YES;
				GCC_WARN_UNINITIALIZED_AUTOS = YES_AGGRESSIVE;
				GCC_WARN_UNUSED_FUNCTION = YES;
				GCC_WARN_UNUSED_VARIABLE = YES;
				IPHONEOS_DEPLOYMENT_TARGET = 12.2;
				MTL_ENABLE_DEBUG_INFO = NO;
				MTL_FAST_MATH = YES;
				SDKROOT = iphoneos;
				SWIFT_COMPILATION_MODE = wholemodule;
				SWIFT_OPTIMIZATION_LEVEL = "-O";
				VALIDATE_PRODUCT = YES;
			};
			name = Release;
		};
		10A7E50F22EDBCB300DF3D34 /* Debug */ = {
			isa = XCBuildConfiguration;
			buildSettings = {
				ASSETCATALOG_COMPILER_APPICON_NAME = AppIcon;
				CODE_SIGN_STYLE = Automatic;
				DEVELOPMENT_TEAM = D65C9K34GM;
				INFOPLIST_FILE = 2019_2Q_Project/Info.plist;
				LD_RUNPATH_SEARCH_PATHS = (
					"$(inherited)",
					"@executable_path/Frameworks",
				);
				PRODUCT_BUNDLE_IDENTIFIER = "j.kwon.-019-2Q-Project";
				PRODUCT_NAME = "$(TARGET_NAME)";
				SWIFT_VERSION = 5.0;
				TARGETED_DEVICE_FAMILY = "1,2";
			};
			name = Debug;
		};
		10A7E51022EDBCB300DF3D34 /* Release */ = {
			isa = XCBuildConfiguration;
			buildSettings = {
				ASSETCATALOG_COMPILER_APPICON_NAME = AppIcon;
				CODE_SIGN_STYLE = Automatic;
				DEVELOPMENT_TEAM = D65C9K34GM;
				INFOPLIST_FILE = 2019_2Q_Project/Info.plist;
				LD_RUNPATH_SEARCH_PATHS = (
					"$(inherited)",
					"@executable_path/Frameworks",
				);
				PRODUCT_BUNDLE_IDENTIFIER = "j.kwon.-019-2Q-Project";
				PRODUCT_NAME = "$(TARGET_NAME)";
				SWIFT_VERSION = 5.0;
				TARGETED_DEVICE_FAMILY = "1,2";
			};
			name = Release;
		};
		10A7E51222EDBCB300DF3D34 /* Debug */ = {
			isa = XCBuildConfiguration;
			buildSettings = {
				ALWAYS_EMBED_SWIFT_STANDARD_LIBRARIES = YES;
				BUNDLE_LOADER = "$(TEST_HOST)";
				CODE_SIGN_STYLE = Automatic;
				DEVELOPMENT_TEAM = D65C9K34GM;
				INFOPLIST_FILE = 2019_2Q_ProjectTests/Info.plist;
				LD_RUNPATH_SEARCH_PATHS = (
					"$(inherited)",
					"@executable_path/Frameworks",
					"@loader_path/Frameworks",
				);
				PRODUCT_BUNDLE_IDENTIFIER = "j.kwon.-019-2Q-ProjectTests";
				PRODUCT_NAME = "$(TARGET_NAME)";
				SWIFT_VERSION = 5.0;
				TARGETED_DEVICE_FAMILY = "1,2";
				TEST_HOST = "$(BUILT_PRODUCTS_DIR)/2019_2Q_Project.app/2019_2Q_Project";
			};
			name = Debug;
		};
		10A7E51322EDBCB300DF3D34 /* Release */ = {
			isa = XCBuildConfiguration;
			buildSettings = {
				ALWAYS_EMBED_SWIFT_STANDARD_LIBRARIES = YES;
				BUNDLE_LOADER = "$(TEST_HOST)";
				CODE_SIGN_STYLE = Automatic;
				DEVELOPMENT_TEAM = D65C9K34GM;
				INFOPLIST_FILE = 2019_2Q_ProjectTests/Info.plist;
				LD_RUNPATH_SEARCH_PATHS = (
					"$(inherited)",
					"@executable_path/Frameworks",
					"@loader_path/Frameworks",
				);
				PRODUCT_BUNDLE_IDENTIFIER = "j.kwon.-019-2Q-ProjectTests";
				PRODUCT_NAME = "$(TARGET_NAME)";
				SWIFT_VERSION = 5.0;
				TARGETED_DEVICE_FAMILY = "1,2";
				TEST_HOST = "$(BUILT_PRODUCTS_DIR)/2019_2Q_Project.app/2019_2Q_Project";
			};
			name = Release;
		};
		10A7E51522EDBCB300DF3D34 /* Debug */ = {
			isa = XCBuildConfiguration;
			buildSettings = {
				ALWAYS_EMBED_SWIFT_STANDARD_LIBRARIES = YES;
				CODE_SIGN_STYLE = Automatic;
				DEVELOPMENT_TEAM = D65C9K34GM;
				INFOPLIST_FILE = 2019_2Q_ProjectUITests/Info.plist;
				LD_RUNPATH_SEARCH_PATHS = (
					"$(inherited)",
					"@executable_path/Frameworks",
					"@loader_path/Frameworks",
				);
				PRODUCT_BUNDLE_IDENTIFIER = "j.kwon.-019-2Q-ProjectUITests";
				PRODUCT_NAME = "$(TARGET_NAME)";
				SWIFT_VERSION = 5.0;
				TARGETED_DEVICE_FAMILY = "1,2";
				TEST_TARGET_NAME = 2019_2Q_Project;
			};
			name = Debug;
		};
		10A7E51622EDBCB300DF3D34 /* Release */ = {
			isa = XCBuildConfiguration;
			buildSettings = {
				ALWAYS_EMBED_SWIFT_STANDARD_LIBRARIES = YES;
				CODE_SIGN_STYLE = Automatic;
				DEVELOPMENT_TEAM = D65C9K34GM;
				INFOPLIST_FILE = 2019_2Q_ProjectUITests/Info.plist;
				LD_RUNPATH_SEARCH_PATHS = (
					"$(inherited)",
					"@executable_path/Frameworks",
					"@loader_path/Frameworks",
				);
				PRODUCT_BUNDLE_IDENTIFIER = "j.kwon.-019-2Q-ProjectUITests";
				PRODUCT_NAME = "$(TARGET_NAME)";
				SWIFT_VERSION = 5.0;
				TARGETED_DEVICE_FAMILY = "1,2";
				TEST_TARGET_NAME = 2019_2Q_Project;
			};
			name = Release;
		};
/* End XCBuildConfiguration section */

/* Begin XCConfigurationList section */
		10A7E4E122EDBCB100DF3D34 /* Build configuration list for PBXProject "2019_2Q_Project" */ = {
			isa = XCConfigurationList;
			buildConfigurations = (
				10A7E50C22EDBCB300DF3D34 /* Debug */,
				10A7E50D22EDBCB300DF3D34 /* Release */,
			);
			defaultConfigurationIsVisible = 0;
			defaultConfigurationName = Release;
		};
		10A7E50E22EDBCB300DF3D34 /* Build configuration list for PBXNativeTarget "2019_2Q_Project" */ = {
			isa = XCConfigurationList;
			buildConfigurations = (
				10A7E50F22EDBCB300DF3D34 /* Debug */,
				10A7E51022EDBCB300DF3D34 /* Release */,
			);
			defaultConfigurationIsVisible = 0;
			defaultConfigurationName = Release;
		};
		10A7E51122EDBCB300DF3D34 /* Build configuration list for PBXNativeTarget "2019_2Q_ProjectTests" */ = {
			isa = XCConfigurationList;
			buildConfigurations = (
				10A7E51222EDBCB300DF3D34 /* Debug */,
				10A7E51322EDBCB300DF3D34 /* Release */,
			);
			defaultConfigurationIsVisible = 0;
			defaultConfigurationName = Release;
		};
		10A7E51422EDBCB300DF3D34 /* Build configuration list for PBXNativeTarget "2019_2Q_ProjectUITests" */ = {
			isa = XCConfigurationList;
			buildConfigurations = (
				10A7E51522EDBCB300DF3D34 /* Debug */,
				10A7E51622EDBCB300DF3D34 /* Release */,
			);
			defaultConfigurationIsVisible = 0;
			defaultConfigurationName = Release;
		};
/* End XCConfigurationList section */
	};
	rootObject = 10A7E4DE22EDBCB100DF3D34 /* Project object */;
}
